// !$*UTF8*$!
{
	archiveVersion = 1;
	classes = {
	};
	objectVersion = 56;
	objects = {

/* Begin PBXBuildFile section */
		6BA3342529668176003C83F1 /* PaywallView.swift in Sources */ = {isa = PBXBuildFile; fileRef = 6BA3342429668176003C83F1 /* PaywallView.swift */; };
		6BA3342829668213003C83F1 /* 1.mp4 in Resources */ = {isa = PBXBuildFile; fileRef = 6BA3342729668213003C83F1 /* 1.mp4 */; };
		6BA3342C2966861F003C83F1 /* VideoView.swift in Sources */ = {isa = PBXBuildFile; fileRef = 6BA3342B2966861F003C83F1 /* VideoView.swift */; };
		6BA334302966886B003C83F1 /* Colors.xcassets in Resources */ = {isa = PBXBuildFile; fileRef = 6BA3342F2966886B003C83F1 /* Colors.xcassets */; };
		6BA33432296688B8003C83F1 /* ColorExtension.swift in Sources */ = {isa = PBXBuildFile; fileRef = 6BA33431296688B8003C83F1 /* ColorExtension.swift */; };
		6BA3343429668946003C83F1 /* FontExtension.swift in Sources */ = {isa = PBXBuildFile; fileRef = 6BA3343329668946003C83F1 /* FontExtension.swift */; };
		6BA3343729668D80003C83F1 /* PagerView.swift in Sources */ = {isa = PBXBuildFile; fileRef = 6BA3343629668D80003C83F1 /* PagerView.swift */; };
		6BA3343A296697C2003C83F1 /* StateableButton.swift in Sources */ = {isa = PBXBuildFile; fileRef = 6BA33439296697C2003C83F1 /* StateableButton.swift */; };
		6BA3343F2966A937003C83F1 /* CaptureVideoView.swift in Sources */ = {isa = PBXBuildFile; fileRef = 6BA3343E2966A937003C83F1 /* CaptureVideoView.swift */; };
		6BA334412966A973003C83F1 /* FrameView.swift in Sources */ = {isa = PBXBuildFile; fileRef = 6BA334402966A973003C83F1 /* FrameView.swift */; };
		6BA334432966AA08003C83F1 /* CameraManager.swift in Sources */ = {isa = PBXBuildFile; fileRef = 6BA334422966AA08003C83F1 /* CameraManager.swift */; };
		6BA334452966AB0A003C83F1 /* CameraError.swift in Sources */ = {isa = PBXBuildFile; fileRef = 6BA334442966AB0A003C83F1 /* CameraError.swift */; };
		6BA334472966AB60003C83F1 /* FrameManager.swift in Sources */ = {isa = PBXBuildFile; fileRef = 6BA334462966AB60003C83F1 /* FrameManager.swift */; };
		6BA334492966AB78003C83F1 /* CGImageExtension.swift in Sources */ = {isa = PBXBuildFile; fileRef = 6BA334482966AB78003C83F1 /* CGImageExtension.swift */; };
		6BA3344B2966ABB5003C83F1 /* CaptureVideoViewModel.swift in Sources */ = {isa = PBXBuildFile; fileRef = 6BA3344A2966ABB5003C83F1 /* CaptureVideoViewModel.swift */; };
		6BA3344E2966AC61003C83F1 /* ControlView.swift in Sources */ = {isa = PBXBuildFile; fileRef = 6BA3344C2966AC60003C83F1 /* ControlView.swift */; };
		6BA3344F2966AC61003C83F1 /* ErrorView.swift in Sources */ = {isa = PBXBuildFile; fileRef = 6BA3344D2966AC61003C83F1 /* ErrorView.swift */; };
		6BA334512966AC89003C83F1 /* ToggleButton.swift in Sources */ = {isa = PBXBuildFile; fileRef = 6BA334502966AC89003C83F1 /* ToggleButton.swift */; };
		6BA334552966AFF3003C83F1 /* LUTsHelper.swift in Sources */ = {isa = PBXBuildFile; fileRef = 6BA334542966AFF3003C83F1 /* LUTsHelper.swift */; };
		6BA334592966BAD1003C83F1 /* VideoControllersView.swift in Sources */ = {isa = PBXBuildFile; fileRef = 6BA334582966BAD1003C83F1 /* VideoControllersView.swift */; };
		6BA3345B2966C03E003C83F1 /* CameraControllersView.swift in Sources */ = {isa = PBXBuildFile; fileRef = 6BA3345A2966C03E003C83F1 /* CameraControllersView.swift */; };
		6BAC70B5296ABD86003CF1DE /* CMTimeExtension.swift in Sources */ = {isa = PBXBuildFile; fileRef = 6BAC70B4296ABD86003CF1DE /* CMTimeExtension.swift */; };
		6BAC70B8296AED8F003CF1DE /* SettingsView.swift in Sources */ = {isa = PBXBuildFile; fileRef = 6BAC70B7296AED8F003CF1DE /* SettingsView.swift */; };
		6BC6BAA9296BD185003BB1D8 /* LocalSettings.swift in Sources */ = {isa = PBXBuildFile; fileRef = 6BC6BAA4296BD184003BB1D8 /* LocalSettings.swift */; };
		6BC6BAAA296BD185003BB1D8 /* KeychainWrapper.swift in Sources */ = {isa = PBXBuildFile; fileRef = 6BC6BAA6296BD185003BB1D8 /* KeychainWrapper.swift */; };
		6BC6BAAB296BD185003BB1D8 /* KeychainWrapperSubscript.swift in Sources */ = {isa = PBXBuildFile; fileRef = 6BC6BAA7296BD185003BB1D8 /* KeychainWrapperSubscript.swift */; };
		6BC6BAAC296BD185003BB1D8 /* KeychainItemAccessibility.swift in Sources */ = {isa = PBXBuildFile; fileRef = 6BC6BAA8296BD185003BB1D8 /* KeychainItemAccessibility.swift */; };
		6BC6BAAF296BD3A9003BB1D8 /* FiltersView.swift in Sources */ = {isa = PBXBuildFile; fileRef = 6BC6BAAE296BD3A9003BB1D8 /* FiltersView.swift */; };
		6BC6BAB1296BD3B6003BB1D8 /* FiltersViewModel.swift in Sources */ = {isa = PBXBuildFile; fileRef = 6BC6BAB0296BD3B6003BB1D8 /* FiltersViewModel.swift */; };
		6BC6BAB3296BDD4D003BB1D8 /* filters_sections.json in Resources */ = {isa = PBXBuildFile; fileRef = 6BC6BAB2296BDD4D003BB1D8 /* filters_sections.json */; };
		6BC6BAB5296BDDBA003BB1D8 /* FiltersSectionModel.swift in Sources */ = {isa = PBXBuildFile; fileRef = 6BC6BAB4296BDDBA003BB1D8 /* FiltersSectionModel.swift */; };
		6BC6BAB7296BDE7A003BB1D8 /* LocalFileService.swift in Sources */ = {isa = PBXBuildFile; fileRef = 6BC6BAB6296BDE7A003BB1D8 /* LocalFileService.swift */; };
		6BC970AF29694D430029D040 /* AVAssetExtension.swift in Sources */ = {isa = PBXBuildFile; fileRef = 6BC970AE29694D430029D040 /* AVAssetExtension.swift */; };
		6BC970B12969501D0029D040 /* VideoPreviewView.swift in Sources */ = {isa = PBXBuildFile; fileRef = 6BC970B02969501D0029D040 /* VideoPreviewView.swift */; };
		6BC970B3296974C80029D040 /* AVPlayerExtension.swift in Sources */ = {isa = PBXBuildFile; fileRef = 6BC970B2296974C80029D040 /* AVPlayerExtension.swift */; };
		6BC970B6296975F30029D040 /* Recorder.swift in Sources */ = {isa = PBXBuildFile; fileRef = 6BC970B4296975F30029D040 /* Recorder.swift */; };
		6BC970B7296975F30029D040 /* RecorderError.swift in Sources */ = {isa = PBXBuildFile; fileRef = 6BC970B5296975F30029D040 /* RecorderError.swift */; };
		6BC970B9296976150029D040 /* FrameRateCalculator.swift in Sources */ = {isa = PBXBuildFile; fileRef = 6BC970B8296976150029D040 /* FrameRateCalculator.swift */; };
		6BC970BC2969764D0029D040 /* CaptureError.swift in Sources */ = {isa = PBXBuildFile; fileRef = 6BC970BA2969764D0029D040 /* CaptureError.swift */; };
		6BC970BD2969764D0029D040 /* Capture.swift in Sources */ = {isa = PBXBuildFile; fileRef = 6BC970BB2969764D0029D040 /* Capture.swift */; };
		6BCDC97229691A2B0063265D /* VideoTrimmer.swift in Sources */ = {isa = PBXBuildFile; fileRef = 6BCDC97029691A2B0063265D /* VideoTrimmer.swift */; };
		6BCDC97329691A2B0063265D /* VideoTrimmerThumb.swift in Sources */ = {isa = PBXBuildFile; fileRef = 6BCDC97129691A2B0063265D /* VideoTrimmerThumb.swift */; };
		6BCDC97529691B780063265D /* VideoTrimmerView.swift in Sources */ = {isa = PBXBuildFile; fileRef = 6BCDC97429691B780063265D /* VideoTrimmerView.swift */; };
		6BCDC97729691D140063265D /* EditVideoViewModel.swift in Sources */ = {isa = PBXBuildFile; fileRef = 6BCDC97629691D140063265D /* EditVideoViewModel.swift */; };
		6BCDC979296929F90063265D /* TextExtension.swift in Sources */ = {isa = PBXBuildFile; fileRef = 6BCDC978296929F90063265D /* TextExtension.swift */; };
		6BCDFE582967EE60007E48A5 /* ExposureControllerView.swift in Sources */ = {isa = PBXBuildFile; fileRef = 6BCDFE572967EE60007E48A5 /* ExposureControllerView.swift */; };
		6BCDFE5B29681421007E48A5 /* TouchLocatingView.swift in Sources */ = {isa = PBXBuildFile; fileRef = 6BCDFE5A29681421007E48A5 /* TouchLocatingView.swift */; };
		6BCDFE5D29681A0A007E48A5 /* FiltersControllerView.swift in Sources */ = {isa = PBXBuildFile; fileRef = 6BCDFE5C29681A0A007E48A5 /* FiltersControllerView.swift */; };
		6BCDFE6029681AB7007E48A5 /* FilterModel.swift in Sources */ = {isa = PBXBuildFile; fileRef = 6BCDFE5F29681AB7007E48A5 /* FilterModel.swift */; };
		6BCDFE6229681FDF007E48A5 /* CarouselView.swift in Sources */ = {isa = PBXBuildFile; fileRef = 6BCDFE6129681FDF007E48A5 /* CarouselView.swift */; };
		6BCDFE64296846F2007E48A5 /* VisualEffectView.swift in Sources */ = {isa = PBXBuildFile; fileRef = 6BCDFE63296846F2007E48A5 /* VisualEffectView.swift */; };
		6BCDFE6629684808007E48A5 /* ViewExtension.swift in Sources */ = {isa = PBXBuildFile; fileRef = 6BCDFE6529684808007E48A5 /* ViewExtension.swift */; };
		6BCDFE6829684998007E48A5 /* UIDeviceExtension.swift in Sources */ = {isa = PBXBuildFile; fileRef = 6BCDFE6729684998007E48A5 /* UIDeviceExtension.swift */; };
		6BCDFE6B296870F0007E48A5 /* EditVideoView.swift in Sources */ = {isa = PBXBuildFile; fileRef = 6BCDFE6A296870F0007E48A5 /* EditVideoView.swift */; };
		6BD10EA6296D26380010B49E /* OnClickGesture.swift in Sources */ = {isa = PBXBuildFile; fileRef = 6BD10EA5296D26380010B49E /* OnClickGesture.swift */; };
		6BD10EA9296D29210010B49E /* TPInAppReceipt in Frameworks */ = {isa = PBXBuildFile; productRef = 6BD10EA8296D29210010B49E /* TPInAppReceipt */; };
		6BD10EAB296D29530010B49E /* IAPManager.swift in Sources */ = {isa = PBXBuildFile; fileRef = 6BD10EAA296D29530010B49E /* IAPManager.swift */; };
		6BD10EAE296D2E6D0010B49E /* StoreKit.framework in Frameworks */ = {isa = PBXBuildFile; fileRef = 6BD10EAD296D2E6D0010B49E /* StoreKit.framework */; };
		6BD10EB0296D2F2E0010B49E /* PaywallViewModel.swift in Sources */ = {isa = PBXBuildFile; fileRef = 6BD10EAF296D2F2E0010B49E /* PaywallViewModel.swift */; };
		6BD10EB2296D33900010B49E /* AppDelegate.swift in Sources */ = {isa = PBXBuildFile; fileRef = 6BD10EB1296D33900010B49E /* AppDelegate.swift */; };
		6BE997D32963FB3C001B8A83 /* film24App.swift in Sources */ = {isa = PBXBuildFile; fileRef = 6BE997D22963FB3C001B8A83 /* film24App.swift */; };
		6BE997D52963FB3C001B8A83 /* ContentView.swift in Sources */ = {isa = PBXBuildFile; fileRef = 6BE997D42963FB3C001B8A83 /* ContentView.swift */; };
		6BE997D72963FB3D001B8A83 /* Assets.xcassets in Resources */ = {isa = PBXBuildFile; fileRef = 6BE997D62963FB3D001B8A83 /* Assets.xcassets */; };
		6BE997DA2963FB3D001B8A83 /* Preview Assets.xcassets in Resources */ = {isa = PBXBuildFile; fileRef = 6BE997D92963FB3D001B8A83 /* Preview Assets.xcassets */; };
		6BE997E62963FC11001B8A83 /* Barlow-Light.ttf in Resources */ = {isa = PBXBuildFile; fileRef = 6BE997E22963FC0F001B8A83 /* Barlow-Light.ttf */; };
		6BE997E72963FC11001B8A83 /* Barlow-Regular.ttf in Resources */ = {isa = PBXBuildFile; fileRef = 6BE997E32963FC0F001B8A83 /* Barlow-Regular.ttf */; };
		6BE997E82963FC11001B8A83 /* Barlow-Bold.ttf in Resources */ = {isa = PBXBuildFile; fileRef = 6BE997E42963FC10001B8A83 /* Barlow-Bold.ttf */; };
		6BE997E92963FC11001B8A83 /* Barlow-Medium.ttf in Resources */ = {isa = PBXBuildFile; fileRef = 6BE997E52963FC10001B8A83 /* Barlow-Medium.ttf */; };
/* End PBXBuildFile section */

/* Begin PBXFileReference section */
		6BA3342429668176003C83F1 /* PaywallView.swift */ = {isa = PBXFileReference; lastKnownFileType = sourcecode.swift; path = PaywallView.swift; sourceTree = "<group>"; };
		6BA3342729668213003C83F1 /* 1.mp4 */ = {isa = PBXFileReference; lastKnownFileType = file; path = 1.mp4; sourceTree = "<group>"; };
		6BA3342B2966861F003C83F1 /* VideoView.swift */ = {isa = PBXFileReference; lastKnownFileType = sourcecode.swift; path = VideoView.swift; sourceTree = "<group>"; };
		6BA3342F2966886B003C83F1 /* Colors.xcassets */ = {isa = PBXFileReference; lastKnownFileType = folder.assetcatalog; path = Colors.xcassets; sourceTree = "<group>"; };
		6BA33431296688B8003C83F1 /* ColorExtension.swift */ = {isa = PBXFileReference; lastKnownFileType = sourcecode.swift; path = ColorExtension.swift; sourceTree = "<group>"; };
		6BA3343329668946003C83F1 /* FontExtension.swift */ = {isa = PBXFileReference; lastKnownFileType = sourcecode.swift; path = FontExtension.swift; sourceTree = "<group>"; };
		6BA3343629668D80003C83F1 /* PagerView.swift */ = {isa = PBXFileReference; lastKnownFileType = sourcecode.swift; path = PagerView.swift; sourceTree = "<group>"; };
		6BA3343829669049003C83F1 /* Info.plist */ = {isa = PBXFileReference; lastKnownFileType = text.plist; path = Info.plist; sourceTree = "<group>"; };
		6BA33439296697C2003C83F1 /* StateableButton.swift */ = {isa = PBXFileReference; lastKnownFileType = sourcecode.swift; path = StateableButton.swift; sourceTree = "<group>"; };
		6BA3343E2966A937003C83F1 /* CaptureVideoView.swift */ = {isa = PBXFileReference; lastKnownFileType = sourcecode.swift; path = CaptureVideoView.swift; sourceTree = "<group>"; };
		6BA334402966A973003C83F1 /* FrameView.swift */ = {isa = PBXFileReference; lastKnownFileType = sourcecode.swift; path = FrameView.swift; sourceTree = "<group>"; };
		6BA334422966AA08003C83F1 /* CameraManager.swift */ = {isa = PBXFileReference; lastKnownFileType = sourcecode.swift; path = CameraManager.swift; sourceTree = "<group>"; };
		6BA334442966AB0A003C83F1 /* CameraError.swift */ = {isa = PBXFileReference; fileEncoding = 4; lastKnownFileType = sourcecode.swift; path = CameraError.swift; sourceTree = "<group>"; };
		6BA334462966AB60003C83F1 /* FrameManager.swift */ = {isa = PBXFileReference; fileEncoding = 4; lastKnownFileType = sourcecode.swift; path = FrameManager.swift; sourceTree = "<group>"; };
		6BA334482966AB78003C83F1 /* CGImageExtension.swift */ = {isa = PBXFileReference; fileEncoding = 4; lastKnownFileType = sourcecode.swift; path = CGImageExtension.swift; sourceTree = "<group>"; };
		6BA3344A2966ABB5003C83F1 /* CaptureVideoViewModel.swift */ = {isa = PBXFileReference; lastKnownFileType = sourcecode.swift; path = CaptureVideoViewModel.swift; sourceTree = "<group>"; };
		6BA3344C2966AC60003C83F1 /* ControlView.swift */ = {isa = PBXFileReference; fileEncoding = 4; lastKnownFileType = sourcecode.swift; path = ControlView.swift; sourceTree = "<group>"; };
		6BA3344D2966AC61003C83F1 /* ErrorView.swift */ = {isa = PBXFileReference; fileEncoding = 4; lastKnownFileType = sourcecode.swift; path = ErrorView.swift; sourceTree = "<group>"; };
		6BA334502966AC89003C83F1 /* ToggleButton.swift */ = {isa = PBXFileReference; fileEncoding = 4; lastKnownFileType = sourcecode.swift; path = ToggleButton.swift; sourceTree = "<group>"; };
		6BA334542966AFF3003C83F1 /* LUTsHelper.swift */ = {isa = PBXFileReference; lastKnownFileType = sourcecode.swift; path = LUTsHelper.swift; sourceTree = "<group>"; };
		6BA334582966BAD1003C83F1 /* VideoControllersView.swift */ = {isa = PBXFileReference; lastKnownFileType = sourcecode.swift; path = VideoControllersView.swift; sourceTree = "<group>"; };
		6BA3345A2966C03E003C83F1 /* CameraControllersView.swift */ = {isa = PBXFileReference; lastKnownFileType = sourcecode.swift; path = CameraControllersView.swift; sourceTree = "<group>"; };
		6BAC70B4296ABD86003CF1DE /* CMTimeExtension.swift */ = {isa = PBXFileReference; lastKnownFileType = sourcecode.swift; path = CMTimeExtension.swift; sourceTree = "<group>"; };
		6BAC70B7296AED8F003CF1DE /* SettingsView.swift */ = {isa = PBXFileReference; lastKnownFileType = sourcecode.swift; path = SettingsView.swift; sourceTree = "<group>"; };
		6BC6BAA4296BD184003BB1D8 /* LocalSettings.swift */ = {isa = PBXFileReference; fileEncoding = 4; lastKnownFileType = sourcecode.swift; path = LocalSettings.swift; sourceTree = "<group>"; };
		6BC6BAA6296BD185003BB1D8 /* KeychainWrapper.swift */ = {isa = PBXFileReference; fileEncoding = 4; lastKnownFileType = sourcecode.swift; path = KeychainWrapper.swift; sourceTree = "<group>"; };
		6BC6BAA7296BD185003BB1D8 /* KeychainWrapperSubscript.swift */ = {isa = PBXFileReference; fileEncoding = 4; lastKnownFileType = sourcecode.swift; path = KeychainWrapperSubscript.swift; sourceTree = "<group>"; };
		6BC6BAA8296BD185003BB1D8 /* KeychainItemAccessibility.swift */ = {isa = PBXFileReference; fileEncoding = 4; lastKnownFileType = sourcecode.swift; path = KeychainItemAccessibility.swift; sourceTree = "<group>"; };
		6BC6BAAE296BD3A9003BB1D8 /* FiltersView.swift */ = {isa = PBXFileReference; lastKnownFileType = sourcecode.swift; path = FiltersView.swift; sourceTree = "<group>"; };
		6BC6BAB0296BD3B6003BB1D8 /* FiltersViewModel.swift */ = {isa = PBXFileReference; lastKnownFileType = sourcecode.swift; path = FiltersViewModel.swift; sourceTree = "<group>"; };
		6BC6BAB2296BDD4D003BB1D8 /* filters_sections.json */ = {isa = PBXFileReference; lastKnownFileType = text.json; path = filters_sections.json; sourceTree = "<group>"; };
		6BC6BAB4296BDDBA003BB1D8 /* FiltersSectionModel.swift */ = {isa = PBXFileReference; lastKnownFileType = sourcecode.swift; path = FiltersSectionModel.swift; sourceTree = "<group>"; };
		6BC6BAB6296BDE7A003BB1D8 /* LocalFileService.swift */ = {isa = PBXFileReference; lastKnownFileType = sourcecode.swift; path = LocalFileService.swift; sourceTree = "<group>"; };
		6BC970AE29694D430029D040 /* AVAssetExtension.swift */ = {isa = PBXFileReference; lastKnownFileType = sourcecode.swift; path = AVAssetExtension.swift; sourceTree = "<group>"; };
		6BC970B02969501D0029D040 /* VideoPreviewView.swift */ = {isa = PBXFileReference; lastKnownFileType = sourcecode.swift; path = VideoPreviewView.swift; sourceTree = "<group>"; };
		6BC970B2296974C80029D040 /* AVPlayerExtension.swift */ = {isa = PBXFileReference; lastKnownFileType = sourcecode.swift; path = AVPlayerExtension.swift; sourceTree = "<group>"; };
		6BC970B4296975F30029D040 /* Recorder.swift */ = {isa = PBXFileReference; fileEncoding = 4; lastKnownFileType = sourcecode.swift; path = Recorder.swift; sourceTree = "<group>"; };
		6BC970B5296975F30029D040 /* RecorderError.swift */ = {isa = PBXFileReference; fileEncoding = 4; lastKnownFileType = sourcecode.swift; path = RecorderError.swift; sourceTree = "<group>"; };
		6BC970B8296976150029D040 /* FrameRateCalculator.swift */ = {isa = PBXFileReference; fileEncoding = 4; lastKnownFileType = sourcecode.swift; path = FrameRateCalculator.swift; sourceTree = "<group>"; };
		6BC970BA2969764D0029D040 /* CaptureError.swift */ = {isa = PBXFileReference; fileEncoding = 4; lastKnownFileType = sourcecode.swift; path = CaptureError.swift; sourceTree = "<group>"; };
		6BC970BB2969764D0029D040 /* Capture.swift */ = {isa = PBXFileReference; fileEncoding = 4; lastKnownFileType = sourcecode.swift; path = Capture.swift; sourceTree = "<group>"; };
		6BCDC97029691A2B0063265D /* VideoTrimmer.swift */ = {isa = PBXFileReference; fileEncoding = 4; lastKnownFileType = sourcecode.swift; path = VideoTrimmer.swift; sourceTree = "<group>"; };
		6BCDC97129691A2B0063265D /* VideoTrimmerThumb.swift */ = {isa = PBXFileReference; fileEncoding = 4; lastKnownFileType = sourcecode.swift; path = VideoTrimmerThumb.swift; sourceTree = "<group>"; };
		6BCDC97429691B780063265D /* VideoTrimmerView.swift */ = {isa = PBXFileReference; lastKnownFileType = sourcecode.swift; path = VideoTrimmerView.swift; sourceTree = "<group>"; };
		6BCDC97629691D140063265D /* EditVideoViewModel.swift */ = {isa = PBXFileReference; lastKnownFileType = sourcecode.swift; path = EditVideoViewModel.swift; sourceTree = "<group>"; };
		6BCDC978296929F90063265D /* TextExtension.swift */ = {isa = PBXFileReference; lastKnownFileType = sourcecode.swift; path = TextExtension.swift; sourceTree = "<group>"; };
		6BCDFE572967EE60007E48A5 /* ExposureControllerView.swift */ = {isa = PBXFileReference; lastKnownFileType = sourcecode.swift; path = ExposureControllerView.swift; sourceTree = "<group>"; };
		6BCDFE5A29681421007E48A5 /* TouchLocatingView.swift */ = {isa = PBXFileReference; lastKnownFileType = sourcecode.swift; path = TouchLocatingView.swift; sourceTree = "<group>"; };
		6BCDFE5C29681A0A007E48A5 /* FiltersControllerView.swift */ = {isa = PBXFileReference; lastKnownFileType = sourcecode.swift; path = FiltersControllerView.swift; sourceTree = "<group>"; };
		6BCDFE5F29681AB7007E48A5 /* FilterModel.swift */ = {isa = PBXFileReference; lastKnownFileType = sourcecode.swift; path = FilterModel.swift; sourceTree = "<group>"; };
		6BCDFE6129681FDF007E48A5 /* CarouselView.swift */ = {isa = PBXFileReference; lastKnownFileType = sourcecode.swift; path = CarouselView.swift; sourceTree = "<group>"; };
		6BCDFE63296846F2007E48A5 /* VisualEffectView.swift */ = {isa = PBXFileReference; lastKnownFileType = sourcecode.swift; path = VisualEffectView.swift; sourceTree = "<group>"; };
		6BCDFE6529684808007E48A5 /* ViewExtension.swift */ = {isa = PBXFileReference; lastKnownFileType = sourcecode.swift; path = ViewExtension.swift; sourceTree = "<group>"; };
		6BCDFE6729684998007E48A5 /* UIDeviceExtension.swift */ = {isa = PBXFileReference; lastKnownFileType = sourcecode.swift; path = UIDeviceExtension.swift; sourceTree = "<group>"; };
		6BCDFE6A296870F0007E48A5 /* EditVideoView.swift */ = {isa = PBXFileReference; lastKnownFileType = sourcecode.swift; path = EditVideoView.swift; sourceTree = "<group>"; };
		6BD10EA5296D26380010B49E /* OnClickGesture.swift */ = {isa = PBXFileReference; lastKnownFileType = sourcecode.swift; path = OnClickGesture.swift; sourceTree = "<group>"; };
		6BD10EAA296D29530010B49E /* IAPManager.swift */ = {isa = PBXFileReference; lastKnownFileType = sourcecode.swift; path = IAPManager.swift; sourceTree = "<group>"; };
		6BD10EAD296D2E6D0010B49E /* StoreKit.framework */ = {isa = PBXFileReference; lastKnownFileType = wrapper.framework; name = StoreKit.framework; path = System/Library/Frameworks/StoreKit.framework; sourceTree = SDKROOT; };
		6BD10EAF296D2F2E0010B49E /* PaywallViewModel.swift */ = {isa = PBXFileReference; lastKnownFileType = sourcecode.swift; path = PaywallViewModel.swift; sourceTree = "<group>"; };
		6BD10EB1296D33900010B49E /* AppDelegate.swift */ = {isa = PBXFileReference; lastKnownFileType = sourcecode.swift; path = AppDelegate.swift; sourceTree = "<group>"; };
		6BE997CF2963FB3C001B8A83 /* film24.app */ = {isa = PBXFileReference; explicitFileType = wrapper.application; includeInIndex = 0; path = film24.app; sourceTree = BUILT_PRODUCTS_DIR; };
		6BE997D22963FB3C001B8A83 /* film24App.swift */ = {isa = PBXFileReference; lastKnownFileType = sourcecode.swift; path = film24App.swift; sourceTree = "<group>"; };
		6BE997D42963FB3C001B8A83 /* ContentView.swift */ = {isa = PBXFileReference; lastKnownFileType = sourcecode.swift; path = ContentView.swift; sourceTree = "<group>"; };
		6BE997D62963FB3D001B8A83 /* Assets.xcassets */ = {isa = PBXFileReference; lastKnownFileType = folder.assetcatalog; path = Assets.xcassets; sourceTree = "<group>"; };
		6BE997D92963FB3D001B8A83 /* Preview Assets.xcassets */ = {isa = PBXFileReference; lastKnownFileType = folder.assetcatalog; path = "Preview Assets.xcassets"; sourceTree = "<group>"; };
		6BE997E22963FC0F001B8A83 /* Barlow-Light.ttf */ = {isa = PBXFileReference; lastKnownFileType = file; path = "Barlow-Light.ttf"; sourceTree = "<group>"; };
		6BE997E32963FC0F001B8A83 /* Barlow-Regular.ttf */ = {isa = PBXFileReference; lastKnownFileType = file; path = "Barlow-Regular.ttf"; sourceTree = "<group>"; };
		6BE997E42963FC10001B8A83 /* Barlow-Bold.ttf */ = {isa = PBXFileReference; lastKnownFileType = file; path = "Barlow-Bold.ttf"; sourceTree = "<group>"; };
		6BE997E52963FC10001B8A83 /* Barlow-Medium.ttf */ = {isa = PBXFileReference; lastKnownFileType = file; path = "Barlow-Medium.ttf"; sourceTree = "<group>"; };
/* End PBXFileReference section */

/* Begin PBXFrameworksBuildPhase section */
		6BE997CC2963FB3C001B8A83 /* Frameworks */ = {
			isa = PBXFrameworksBuildPhase;
			buildActionMask = 2147483647;
			files = (
				6BD10EA9296D29210010B49E /* TPInAppReceipt in Frameworks */,
				6BD10EAE296D2E6D0010B49E /* StoreKit.framework in Frameworks */,
			);
			runOnlyForDeploymentPostprocessing = 0;
		};
/* End PBXFrameworksBuildPhase section */

/* Begin PBXGroup section */
		6BA3342129668135003C83F1 /* Views */ = {
			isa = PBXGroup;
			children = (
				6BC6BAAD296BD39A003BB1D8 /* FiltersView */,
				6BAC70B6296AED7E003CF1DE /* SettingsView */,
				6BCDFE69296870D9007E48A5 /* CutVideo */,
				6BA3343B2966A910003C83F1 /* CaptureVideoView */,
				6BA3342A2966860C003C83F1 /* PaywallView */,
				6BA33439296697C2003C83F1 /* StateableButton.swift */,
				6BCDFE6129681FDF007E48A5 /* CarouselView.swift */,
				6BA3343629668D80003C83F1 /* PagerView.swift */,
			);
			path = Views;
			sourceTree = "<group>";
		};
		6BA33426296681F8003C83F1 /* Videos */ = {
			isa = PBXGroup;
			children = (
				6BA3342729668213003C83F1 /* 1.mp4 */,
			);
			path = Videos;
			sourceTree = "<group>";
		};
		6BA3342A2966860C003C83F1 /* PaywallView */ = {
			isa = PBXGroup;
			children = (
				6BA3342429668176003C83F1 /* PaywallView.swift */,
				6BD10EAF296D2F2E0010B49E /* PaywallViewModel.swift */,
			);
			path = PaywallView;
			sourceTree = "<group>";
		};
		6BA3343B2966A910003C83F1 /* CaptureVideoView */ = {
			isa = PBXGroup;
			children = (
				6BA334572966BA50003C83F1 /* Controllers */,
				6BA334562966B93B003C83F1 /* New Group */,
				6BA3343E2966A937003C83F1 /* CaptureVideoView.swift */,
				6BA3344A2966ABB5003C83F1 /* CaptureVideoViewModel.swift */,
				6BA334402966A973003C83F1 /* FrameView.swift */,
			);
			path = CaptureVideoView;
			sourceTree = "<group>";
		};
		6BA334532966AFDE003C83F1 /* Managers */ = {
			isa = PBXGroup;
			children = (
				6BC970BB2969764D0029D040 /* Capture.swift */,
				6BC970BA2969764D0029D040 /* CaptureError.swift */,
				6BC970B4296975F30029D040 /* Recorder.swift */,
				6BC970B8296976150029D040 /* FrameRateCalculator.swift */,
				6BC970B5296975F30029D040 /* RecorderError.swift */,
				6BA334422966AA08003C83F1 /* CameraManager.swift */,
				6BA334462966AB60003C83F1 /* FrameManager.swift */,
				6BA334542966AFF3003C83F1 /* LUTsHelper.swift */,
				6BC6BAB6296BDE7A003BB1D8 /* LocalFileService.swift */,
				6BD10EAA296D29530010B49E /* IAPManager.swift */,
			);
			path = Managers;
			sourceTree = "<group>";
		};
		6BA334562966B93B003C83F1 /* New Group */ = {
			isa = PBXGroup;
			children = (
				6BA334502966AC89003C83F1 /* ToggleButton.swift */,
				6BA3344D2966AC61003C83F1 /* ErrorView.swift */,
				6BA334442966AB0A003C83F1 /* CameraError.swift */,
				6BA3344C2966AC60003C83F1 /* ControlView.swift */,
			);
			path = "New Group";
			sourceTree = "<group>";
		};
		6BA334572966BA50003C83F1 /* Controllers */ = {
			isa = PBXGroup;
			children = (
				6BA334582966BAD1003C83F1 /* VideoControllersView.swift */,
				6BA3345A2966C03E003C83F1 /* CameraControllersView.swift */,
				6BCDFE572967EE60007E48A5 /* ExposureControllerView.swift */,
				6BCDFE5C29681A0A007E48A5 /* FiltersControllerView.swift */,
			);
			path = Controllers;
			sourceTree = "<group>";
		};
		6BAC70B6296AED7E003CF1DE /* SettingsView */ = {
			isa = PBXGroup;
			children = (
				6BAC70B7296AED8F003CF1DE /* SettingsView.swift */,
			);
			path = SettingsView;
			sourceTree = "<group>";
		};
		6BC6BAA3296BD184003BB1D8 /* Configuration */ = {
			isa = PBXGroup;
			children = (
				6BC6BAA4296BD184003BB1D8 /* LocalSettings.swift */,
			);
			path = Configuration;
			sourceTree = "<group>";
		};
		6BC6BAA5296BD185003BB1D8 /* KeychainWrapper */ = {
			isa = PBXGroup;
			children = (
				6BC6BAA6296BD185003BB1D8 /* KeychainWrapper.swift */,
				6BC6BAA7296BD185003BB1D8 /* KeychainWrapperSubscript.swift */,
				6BC6BAA8296BD185003BB1D8 /* KeychainItemAccessibility.swift */,
			);
			path = KeychainWrapper;
			sourceTree = "<group>";
		};
		6BC6BAAD296BD39A003BB1D8 /* FiltersView */ = {
			isa = PBXGroup;
			children = (
				6BC6BAAE296BD3A9003BB1D8 /* FiltersView.swift */,
				6BC6BAB0296BD3B6003BB1D8 /* FiltersViewModel.swift */,
				6BC6BAB2296BDD4D003BB1D8 /* filters_sections.json */,
			);
			path = FiltersView;
			sourceTree = "<group>";
		};
		6BCDC96E29691A040063265D /* UIViews */ = {
			isa = PBXGroup;
			children = (
				6BCDC96F29691A1D0063265D /* VideoTrimming */,
			);
			path = UIViews;
			sourceTree = "<group>";
		};
		6BCDC96F29691A1D0063265D /* VideoTrimming */ = {
			isa = PBXGroup;
			children = (
				6BCDC97029691A2B0063265D /* VideoTrimmer.swift */,
				6BCDC97129691A2B0063265D /* VideoTrimmerThumb.swift */,
			);
			path = VideoTrimming;
			sourceTree = "<group>";
		};
		6BCDFE5929681407007E48A5 /* UIViewRepresentable */ = {
			isa = PBXGroup;
			children = (
				6BCDFE5A29681421007E48A5 /* TouchLocatingView.swift */,
				6BCDFE63296846F2007E48A5 /* VisualEffectView.swift */,
				6BCDC97429691B780063265D /* VideoTrimmerView.swift */,
				6BA3342B2966861F003C83F1 /* VideoView.swift */,
				6BC970B02969501D0029D040 /* VideoPreviewView.swift */,
			);
			path = UIViewRepresentable;
			sourceTree = "<group>";
		};
		6BCDFE5E29681AA6007E48A5 /* Models */ = {
			isa = PBXGroup;
			children = (
				6BCDFE5F29681AB7007E48A5 /* FilterModel.swift */,
				6BC6BAB4296BDDBA003BB1D8 /* FiltersSectionModel.swift */,
			);
			path = Models;
			sourceTree = "<group>";
		};
		6BCDFE69296870D9007E48A5 /* CutVideo */ = {
			isa = PBXGroup;
			children = (
				6BCDFE6A296870F0007E48A5 /* EditVideoView.swift */,
				6BCDC97629691D140063265D /* EditVideoViewModel.swift */,
			);
			path = CutVideo;
			sourceTree = "<group>";
		};
		6BD10EAC296D2E6D0010B49E /* Frameworks */ = {
			isa = PBXGroup;
			children = (
				6BD10EAD296D2E6D0010B49E /* StoreKit.framework */,
			);
			name = Frameworks;
			sourceTree = "<group>";
		};
		6BE997C62963FB3B001B8A83 = {
			isa = PBXGroup;
			children = (
				6BE997D12963FB3C001B8A83 /* film24 */,
				6BE997D02963FB3C001B8A83 /* Products */,
				6BD10EAC296D2E6D0010B49E /* Frameworks */,
			);
			sourceTree = "<group>";
		};
		6BE997D02963FB3C001B8A83 /* Products */ = {
			isa = PBXGroup;
			children = (
				6BE997CF2963FB3C001B8A83 /* film24.app */,
			);
			name = Products;
			sourceTree = "<group>";
		};
		6BE997D12963FB3C001B8A83 /* film24 */ = {
			isa = PBXGroup;
			children = (
				6BA3343829669049003C83F1 /* Info.plist */,
				6BCDC96E29691A040063265D /* UIViews */,
				6BCDFE5E29681AA6007E48A5 /* Models */,
				6BCDFE5929681407007E48A5 /* UIViewRepresentable */,
				6BA3342129668135003C83F1 /* Views */,
				6BE997D22963FB3C001B8A83 /* film24App.swift */,
				6BE997D42963FB3C001B8A83 /* ContentView.swift */,
				6BD10EB1296D33900010B49E /* AppDelegate.swift */,
				6BE997D62963FB3D001B8A83 /* Assets.xcassets */,
				6BA3342F2966886B003C83F1 /* Colors.xcassets */,
				6BC6BAA3296BD184003BB1D8 /* Configuration */,
				6BC6BAA5296BD185003BB1D8 /* KeychainWrapper */,
				6BA334532966AFDE003C83F1 /* Managers */,
				6BE997EA2963FC22001B8A83 /* Extensions */,
				6BE997E02963FBF1001B8A83 /* Common */,
				6BE997D82963FB3D001B8A83 /* Preview Content */,
			);
			path = film24;
			sourceTree = "<group>";
		};
		6BE997D82963FB3D001B8A83 /* Preview Content */ = {
			isa = PBXGroup;
			children = (
				6BE997D92963FB3D001B8A83 /* Preview Assets.xcassets */,
			);
			path = "Preview Content";
			sourceTree = "<group>";
		};
		6BE997E02963FBF1001B8A83 /* Common */ = {
			isa = PBXGroup;
			children = (
				6BA33426296681F8003C83F1 /* Videos */,
				6BE997E12963FC02001B8A83 /* Fonts */,
			);
			path = Common;
			sourceTree = "<group>";
		};
		6BE997E12963FC02001B8A83 /* Fonts */ = {
			isa = PBXGroup;
			children = (
				6BE997E42963FC10001B8A83 /* Barlow-Bold.ttf */,
				6BE997E22963FC0F001B8A83 /* Barlow-Light.ttf */,
				6BE997E52963FC10001B8A83 /* Barlow-Medium.ttf */,
				6BE997E32963FC0F001B8A83 /* Barlow-Regular.ttf */,
			);
			path = Fonts;
			sourceTree = "<group>";
		};
		6BE997EA2963FC22001B8A83 /* Extensions */ = {
			isa = PBXGroup;
			children = (
				6BA334482966AB78003C83F1 /* CGImageExtension.swift */,
				6BA3343329668946003C83F1 /* FontExtension.swift */,
				6BA33431296688B8003C83F1 /* ColorExtension.swift */,
				6BCDFE6529684808007E48A5 /* ViewExtension.swift */,
				6BCDFE6729684998007E48A5 /* UIDeviceExtension.swift */,
				6BCDC978296929F90063265D /* TextExtension.swift */,
				6BC970AE29694D430029D040 /* AVAssetExtension.swift */,
				6BC970B2296974C80029D040 /* AVPlayerExtension.swift */,
				6BAC70B4296ABD86003CF1DE /* CMTimeExtension.swift */,
				6BD10EA5296D26380010B49E /* OnClickGesture.swift */,
			);
			path = Extensions;
			sourceTree = "<group>";
		};
/* End PBXGroup section */

/* Begin PBXNativeTarget section */
		6BE997CE2963FB3C001B8A83 /* film24 */ = {
			isa = PBXNativeTarget;
			buildConfigurationList = 6BE997DD2963FB3D001B8A83 /* Build configuration list for PBXNativeTarget "film24" */;
			buildPhases = (
				6BE997CB2963FB3C001B8A83 /* Sources */,
				6BE997CC2963FB3C001B8A83 /* Frameworks */,
				6BE997CD2963FB3C001B8A83 /* Resources */,
			);
			buildRules = (
			);
			dependencies = (
			);
			name = film24;
			packageProductDependencies = (
				6BD10EA8296D29210010B49E /* TPInAppReceipt */,
			);
			productName = film24;
			productReference = 6BE997CF2963FB3C001B8A83 /* film24.app */;
			productType = "com.apple.product-type.application";
		};
/* End PBXNativeTarget section */

/* Begin PBXProject section */
		6BE997C72963FB3B001B8A83 /* Project object */ = {
			isa = PBXProject;
			attributes = {
				BuildIndependentTargetsInParallel = 1;
				LastSwiftUpdateCheck = 1420;
				LastUpgradeCheck = 1420;
				TargetAttributes = {
					6BE997CE2963FB3C001B8A83 = {
						CreatedOnToolsVersion = 14.2;
					};
				};
			};
			buildConfigurationList = 6BE997CA2963FB3B001B8A83 /* Build configuration list for PBXProject "film24" */;
			compatibilityVersion = "Xcode 14.0";
			developmentRegion = en;
			hasScannedForEncodings = 0;
			knownRegions = (
				en,
				Base,
			);
			mainGroup = 6BE997C62963FB3B001B8A83;
			packageReferences = (
				6BD10EA7296D29210010B49E /* XCRemoteSwiftPackageReference "TPInAppReceipt" */,
			);
			productRefGroup = 6BE997D02963FB3C001B8A83 /* Products */;
			projectDirPath = "";
			projectRoot = "";
			targets = (
				6BE997CE2963FB3C001B8A83 /* film24 */,
			);
		};
/* End PBXProject section */

/* Begin PBXResourcesBuildPhase section */
		6BE997CD2963FB3C001B8A83 /* Resources */ = {
			isa = PBXResourcesBuildPhase;
			buildActionMask = 2147483647;
			files = (
				6BA3342829668213003C83F1 /* 1.mp4 in Resources */,
				6BE997E72963FC11001B8A83 /* Barlow-Regular.ttf in Resources */,
				6BE997E82963FC11001B8A83 /* Barlow-Bold.ttf in Resources */,
				6BE997DA2963FB3D001B8A83 /* Preview Assets.xcassets in Resources */,
				6BE997D72963FB3D001B8A83 /* Assets.xcassets in Resources */,
				6BC6BAB3296BDD4D003BB1D8 /* filters_sections.json in Resources */,
				6BA334302966886B003C83F1 /* Colors.xcassets in Resources */,
				6BE997E92963FC11001B8A83 /* Barlow-Medium.ttf in Resources */,
				6BE997E62963FC11001B8A83 /* Barlow-Light.ttf in Resources */,
			);
			runOnlyForDeploymentPostprocessing = 0;
		};
/* End PBXResourcesBuildPhase section */

/* Begin PBXSourcesBuildPhase section */
		6BE997CB2963FB3C001B8A83 /* Sources */ = {
			isa = PBXSourcesBuildPhase;
			buildActionMask = 2147483647;
			files = (
				6BA3344E2966AC61003C83F1 /* ControlView.swift in Sources */,
				6BC6BAB1296BD3B6003BB1D8 /* FiltersViewModel.swift in Sources */,
				6BCDFE5B29681421007E48A5 /* TouchLocatingView.swift in Sources */,
				6BD10EA6296D26380010B49E /* OnClickGesture.swift in Sources */,
				6BA3345B2966C03E003C83F1 /* CameraControllersView.swift in Sources */,
				6BA3342C2966861F003C83F1 /* VideoView.swift in Sources */,
				6BCDC97229691A2B0063265D /* VideoTrimmer.swift in Sources */,
				6BC6BAAC296BD185003BB1D8 /* KeychainItemAccessibility.swift in Sources */,
				6BC6BAB5296BDDBA003BB1D8 /* FiltersSectionModel.swift in Sources */,
				6BA334512966AC89003C83F1 /* ToggleButton.swift in Sources */,
				6BA334592966BAD1003C83F1 /* VideoControllersView.swift in Sources */,
				6BC970AF29694D430029D040 /* AVAssetExtension.swift in Sources */,
				6BA334492966AB78003C83F1 /* CGImageExtension.swift in Sources */,
				6BA3343A296697C2003C83F1 /* StateableButton.swift in Sources */,
				6BCDFE64296846F2007E48A5 /* VisualEffectView.swift in Sources */,
				6BD10EB0296D2F2E0010B49E /* PaywallViewModel.swift in Sources */,
				6BC970B12969501D0029D040 /* VideoPreviewView.swift in Sources */,
				6BCDC97729691D140063265D /* EditVideoViewModel.swift in Sources */,
				6BA3343F2966A937003C83F1 /* CaptureVideoView.swift in Sources */,
				6BC970B9296976150029D040 /* FrameRateCalculator.swift in Sources */,
				6BA3343429668946003C83F1 /* FontExtension.swift in Sources */,
				6BD10EB2296D33900010B49E /* AppDelegate.swift in Sources */,
				6BC6BAA9296BD185003BB1D8 /* LocalSettings.swift in Sources */,
				6BC970B6296975F30029D040 /* Recorder.swift in Sources */,
				6BCDFE6029681AB7007E48A5 /* FilterModel.swift in Sources */,
				6BA3344F2966AC61003C83F1 /* ErrorView.swift in Sources */,
				6BCDFE6229681FDF007E48A5 /* CarouselView.swift in Sources */,
				6BC6BAAB296BD185003BB1D8 /* KeychainWrapperSubscript.swift in Sources */,
				6BCDFE6829684998007E48A5 /* UIDeviceExtension.swift in Sources */,
				6BC6BAAF296BD3A9003BB1D8 /* FiltersView.swift in Sources */,
				6BCDC97529691B780063265D /* VideoTrimmerView.swift in Sources */,
				6BC6BAB7296BDE7A003BB1D8 /* LocalFileService.swift in Sources */,
				6BA334472966AB60003C83F1 /* FrameManager.swift in Sources */,
				6BC970B7296975F30029D040 /* RecorderError.swift in Sources */,
				6BAC70B5296ABD86003CF1DE /* CMTimeExtension.swift in Sources */,
				6BC970BD2969764D0029D040 /* Capture.swift in Sources */,
				6BE997D52963FB3C001B8A83 /* ContentView.swift in Sources */,
				6BA334552966AFF3003C83F1 /* LUTsHelper.swift in Sources */,
				6BA334452966AB0A003C83F1 /* CameraError.swift in Sources */,
				6BCDC97329691A2B0063265D /* VideoTrimmerThumb.swift in Sources */,
				6BAC70B8296AED8F003CF1DE /* SettingsView.swift in Sources */,
				6BCDFE6629684808007E48A5 /* ViewExtension.swift in Sources */,
				6BA3343729668D80003C83F1 /* PagerView.swift in Sources */,
				6BC970B3296974C80029D040 /* AVPlayerExtension.swift in Sources */,
				6BA33432296688B8003C83F1 /* ColorExtension.swift in Sources */,
				6BCDFE582967EE60007E48A5 /* ExposureControllerView.swift in Sources */,
				6BC6BAAA296BD185003BB1D8 /* KeychainWrapper.swift in Sources */,
				6BCDC979296929F90063265D /* TextExtension.swift in Sources */,
				6BD10EAB296D29530010B49E /* IAPManager.swift in Sources */,
				6BA334412966A973003C83F1 /* FrameView.swift in Sources */,
				6BA3342529668176003C83F1 /* PaywallView.swift in Sources */,
				6BCDFE6B296870F0007E48A5 /* EditVideoView.swift in Sources */,
				6BCDFE5D29681A0A007E48A5 /* FiltersControllerView.swift in Sources */,
				6BA3344B2966ABB5003C83F1 /* CaptureVideoViewModel.swift in Sources */,
				6BA334432966AA08003C83F1 /* CameraManager.swift in Sources */,
				6BE997D32963FB3C001B8A83 /* film24App.swift in Sources */,
				6BC970BC2969764D0029D040 /* CaptureError.swift in Sources */,
			);
			runOnlyForDeploymentPostprocessing = 0;
		};
/* End PBXSourcesBuildPhase section */

/* Begin XCBuildConfiguration section */
		6BE997DB2963FB3D001B8A83 /* Debug */ = {
			isa = XCBuildConfiguration;
			buildSettings = {
				ALWAYS_SEARCH_USER_PATHS = NO;
				CLANG_ANALYZER_NONNULL = YES;
				CLANG_ANALYZER_NUMBER_OBJECT_CONVERSION = YES_AGGRESSIVE;
				CLANG_CXX_LANGUAGE_STANDARD = "gnu++20";
				CLANG_ENABLE_MODULES = YES;
				CLANG_ENABLE_OBJC_ARC = YES;
				CLANG_ENABLE_OBJC_WEAK = YES;
				CLANG_WARN_BLOCK_CAPTURE_AUTORELEASING = YES;
				CLANG_WARN_BOOL_CONVERSION = YES;
				CLANG_WARN_COMMA = YES;
				CLANG_WARN_CONSTANT_CONVERSION = YES;
				CLANG_WARN_DEPRECATED_OBJC_IMPLEMENTATIONS = YES;
				CLANG_WARN_DIRECT_OBJC_ISA_USAGE = YES_ERROR;
				CLANG_WARN_DOCUMENTATION_COMMENTS = YES;
				CLANG_WARN_EMPTY_BODY = YES;
				CLANG_WARN_ENUM_CONVERSION = YES;
				CLANG_WARN_INFINITE_RECURSION = YES;
				CLANG_WARN_INT_CONVERSION = YES;
				CLANG_WARN_NON_LITERAL_NULL_CONVERSION = YES;
				CLANG_WARN_OBJC_IMPLICIT_RETAIN_SELF = YES;
				CLANG_WARN_OBJC_LITERAL_CONVERSION = YES;
				CLANG_WARN_OBJC_ROOT_CLASS = YES_ERROR;
				CLANG_WARN_QUOTED_INCLUDE_IN_FRAMEWORK_HEADER = YES;
				CLANG_WARN_RANGE_LOOP_ANALYSIS = YES;
				CLANG_WARN_STRICT_PROTOTYPES = YES;
				CLANG_WARN_SUSPICIOUS_MOVE = YES;
				CLANG_WARN_UNGUARDED_AVAILABILITY = YES_AGGRESSIVE;
				CLANG_WARN_UNREACHABLE_CODE = YES;
				CLANG_WARN__DUPLICATE_METHOD_MATCH = YES;
				COPY_PHASE_STRIP = NO;
				DEBUG_INFORMATION_FORMAT = dwarf;
				ENABLE_STRICT_OBJC_MSGSEND = YES;
				ENABLE_TESTABILITY = YES;
				GCC_C_LANGUAGE_STANDARD = gnu11;
				GCC_DYNAMIC_NO_PIC = NO;
				GCC_NO_COMMON_BLOCKS = YES;
				GCC_OPTIMIZATION_LEVEL = 0;
				GCC_PREPROCESSOR_DEFINITIONS = (
					"DEBUG=1",
					"$(inherited)",
				);
				GCC_WARN_64_TO_32_BIT_CONVERSION = YES;
				GCC_WARN_ABOUT_RETURN_TYPE = YES_ERROR;
				GCC_WARN_UNDECLARED_SELECTOR = YES;
				GCC_WARN_UNINITIALIZED_AUTOS = YES_AGGRESSIVE;
				GCC_WARN_UNUSED_FUNCTION = YES;
				GCC_WARN_UNUSED_VARIABLE = YES;
				IPHONEOS_DEPLOYMENT_TARGET = 16.2;
				MTL_ENABLE_DEBUG_INFO = INCLUDE_SOURCE;
				MTL_FAST_MATH = YES;
				ONLY_ACTIVE_ARCH = YES;
				SDKROOT = iphoneos;
				SWIFT_ACTIVE_COMPILATION_CONDITIONS = DEBUG;
				SWIFT_OPTIMIZATION_LEVEL = "-Onone";
			};
			name = Debug;
		};
		6BE997DC2963FB3D001B8A83 /* Release */ = {
			isa = XCBuildConfiguration;
			buildSettings = {
				ALWAYS_SEARCH_USER_PATHS = NO;
				CLANG_ANALYZER_NONNULL = YES;
				CLANG_ANALYZER_NUMBER_OBJECT_CONVERSION = YES_AGGRESSIVE;
				CLANG_CXX_LANGUAGE_STANDARD = "gnu++20";
				CLANG_ENABLE_MODULES = YES;
				CLANG_ENABLE_OBJC_ARC = YES;
				CLANG_ENABLE_OBJC_WEAK = YES;
				CLANG_WARN_BLOCK_CAPTURE_AUTORELEASING = YES;
				CLANG_WARN_BOOL_CONVERSION = YES;
				CLANG_WARN_COMMA = YES;
				CLANG_WARN_CONSTANT_CONVERSION = YES;
				CLANG_WARN_DEPRECATED_OBJC_IMPLEMENTATIONS = YES;
				CLANG_WARN_DIRECT_OBJC_ISA_USAGE = YES_ERROR;
				CLANG_WARN_DOCUMENTATION_COMMENTS = YES;
				CLANG_WARN_EMPTY_BODY = YES;
				CLANG_WARN_ENUM_CONVERSION = YES;
				CLANG_WARN_INFINITE_RECURSION = YES;
				CLANG_WARN_INT_CONVERSION = YES;
				CLANG_WARN_NON_LITERAL_NULL_CONVERSION = YES;
				CLANG_WARN_OBJC_IMPLICIT_RETAIN_SELF = YES;
				CLANG_WARN_OBJC_LITERAL_CONVERSION = YES;
				CLANG_WARN_OBJC_ROOT_CLASS = YES_ERROR;
				CLANG_WARN_QUOTED_INCLUDE_IN_FRAMEWORK_HEADER = YES;
				CLANG_WARN_RANGE_LOOP_ANALYSIS = YES;
				CLANG_WARN_STRICT_PROTOTYPES = YES;
				CLANG_WARN_SUSPICIOUS_MOVE = YES;
				CLANG_WARN_UNGUARDED_AVAILABILITY = YES_AGGRESSIVE;
				CLANG_WARN_UNREACHABLE_CODE = YES;
				CLANG_WARN__DUPLICATE_METHOD_MATCH = YES;
				COPY_PHASE_STRIP = NO;
				DEBUG_INFORMATION_FORMAT = "dwarf-with-dsym";
				ENABLE_NS_ASSERTIONS = NO;
				ENABLE_STRICT_OBJC_MSGSEND = YES;
				GCC_C_LANGUAGE_STANDARD = gnu11;
				GCC_NO_COMMON_BLOCKS = YES;
				GCC_WARN_64_TO_32_BIT_CONVERSION = YES;
				GCC_WARN_ABOUT_RETURN_TYPE = YES_ERROR;
				GCC_WARN_UNDECLARED_SELECTOR = YES;
				GCC_WARN_UNINITIALIZED_AUTOS = YES_AGGRESSIVE;
				GCC_WARN_UNUSED_FUNCTION = YES;
				GCC_WARN_UNUSED_VARIABLE = YES;
				IPHONEOS_DEPLOYMENT_TARGET = 16.2;
				MTL_ENABLE_DEBUG_INFO = NO;
				MTL_FAST_MATH = YES;
				SDKROOT = iphoneos;
				SWIFT_COMPILATION_MODE = wholemodule;
				SWIFT_OPTIMIZATION_LEVEL = "-O";
				VALIDATE_PRODUCT = YES;
			};
			name = Release;
		};
		6BE997DE2963FB3D001B8A83 /* Debug */ = {
			isa = XCBuildConfiguration;
			buildSettings = {
				ASSETCATALOG_COMPILER_APPICON_NAME = AppIcon;
				ASSETCATALOG_COMPILER_GLOBAL_ACCENT_COLOR_NAME = AccentColor;
				CODE_SIGN_STYLE = Automatic;
				CURRENT_PROJECT_VERSION = 1;
				DEVELOPMENT_ASSET_PATHS = "\"film24/Preview Content\"";
				DEVELOPMENT_TEAM = 5TC86UV67D;
				ENABLE_PREVIEWS = YES;
				GENERATE_INFOPLIST_FILE = YES;
				INFOPLIST_FILE = film24/Info.plist;
				INFOPLIST_KEY_CFBundleDisplayName = 24Film;
				INFOPLIST_KEY_NSCameraUsageDescription = "Access to camera";
				INFOPLIST_KEY_NSPhotoLibraryAddUsageDescription = "";
				INFOPLIST_KEY_NSPhotoLibraryUsageDescription = "";
				INFOPLIST_KEY_UIApplicationSceneManifest_Generation = YES;
				INFOPLIST_KEY_UIApplicationSupportsIndirectInputEvents = YES;
				INFOPLIST_KEY_UILaunchScreen_Generation = YES;
				INFOPLIST_KEY_UISupportedInterfaceOrientations = UIInterfaceOrientationPortrait;
				IPHONEOS_DEPLOYMENT_TARGET = 14.0;
				LD_RUNPATH_SEARCH_PATHS = (
					"$(inherited)",
					"@executable_path/Frameworks",
				);
				MARKETING_VERSION = 1.0;
				PRODUCT_BUNDLE_IDENTIFIER = com.buffny.apps.film24;
				PRODUCT_NAME = "$(TARGET_NAME)";
				SUPPORTED_PLATFORMS = "iphoneos iphonesimulator";
				SUPPORTS_MACCATALYST = NO;
				SUPPORTS_MAC_DESIGNED_FOR_IPHONE_IPAD = NO;
				SWIFT_EMIT_LOC_STRINGS = YES;
				SWIFT_VERSION = 5.0;
				TARGETED_DEVICE_FAMILY = 1;
			};
			name = Debug;
		};
		6BE997DF2963FB3D001B8A83 /* Release */ = {
			isa = XCBuildConfiguration;
			buildSettings = {
				ASSETCATALOG_COMPILER_APPICON_NAME = AppIcon;
				ASSETCATALOG_COMPILER_GLOBAL_ACCENT_COLOR_NAME = AccentColor;
				CODE_SIGN_STYLE = Automatic;
				CURRENT_PROJECT_VERSION = 1;
				DEVELOPMENT_ASSET_PATHS = "\"film24/Preview Content\"";
				DEVELOPMENT_TEAM = 5TC86UV67D;
				ENABLE_PREVIEWS = YES;
				GENERATE_INFOPLIST_FILE = YES;
				INFOPLIST_FILE = film24/Info.plist;
				INFOPLIST_KEY_CFBundleDisplayName = 24Film;
				INFOPLIST_KEY_NSCameraUsageDescription = "Access to camera";
				INFOPLIST_KEY_NSPhotoLibraryAddUsageDescription = "";
				INFOPLIST_KEY_NSPhotoLibraryUsageDescription = "";
				INFOPLIST_KEY_UIApplicationSceneManifest_Generation = YES;
				INFOPLIST_KEY_UIApplicationSupportsIndirectInputEvents = YES;
				INFOPLIST_KEY_UILaunchScreen_Generation = YES;
				INFOPLIST_KEY_UISupportedInterfaceOrientations = UIInterfaceOrientationPortrait;
				IPHONEOS_DEPLOYMENT_TARGET = 14.0;
				LD_RUNPATH_SEARCH_PATHS = (
					"$(inherited)",
					"@executable_path/Frameworks",
				);
				MARKETING_VERSION = 1.0;
				PRODUCT_BUNDLE_IDENTIFIER = com.buffny.apps.film24;
				PRODUCT_NAME = "$(TARGET_NAME)";
				SUPPORTED_PLATFORMS = "iphoneos iphonesimulator";
				SUPPORTS_MACCATALYST = NO;
				SUPPORTS_MAC_DESIGNED_FOR_IPHONE_IPAD = NO;
				SWIFT_EMIT_LOC_STRINGS = YES;
				SWIFT_VERSION = 5.0;
				TARGETED_DEVICE_FAMILY = 1;
			};
			name = Release;
		};
/* End XCBuildConfiguration section */

/* Begin XCConfigurationList section */
		6BE997CA2963FB3B001B8A83 /* Build configuration list for PBXProject "film24" */ = {
			isa = XCConfigurationList;
			buildConfigurations = (
				6BE997DB2963FB3D001B8A83 /* Debug */,
				6BE997DC2963FB3D001B8A83 /* Release */,
			);
			defaultConfigurationIsVisible = 0;
			defaultConfigurationName = Release;
		};
		6BE997DD2963FB3D001B8A83 /* Build configuration list for PBXNativeTarget "film24" */ = {
			isa = XCConfigurationList;
			buildConfigurations = (
				6BE997DE2963FB3D001B8A83 /* Debug */,
				6BE997DF2963FB3D001B8A83 /* Release */,
			);
			defaultConfigurationIsVisible = 0;
			defaultConfigurationName = Release;
		};
/* End XCConfigurationList section */

/* Begin XCRemoteSwiftPackageReference section */
		6BD10EA7296D29210010B49E /* XCRemoteSwiftPackageReference "TPInAppReceipt" */ = {
			isa = XCRemoteSwiftPackageReference;
			repositoryURL = "https://github.com/tikhop/TPInAppReceipt.git";
			requirement = {
				branch = master;
				kind = branch;
			};
		};
/* End XCRemoteSwiftPackageReference section */

/* Begin XCSwiftPackageProductDependency section */
		6BD10EA8296D29210010B49E /* TPInAppReceipt */ = {
			isa = XCSwiftPackageProductDependency;
			package = 6BD10EA7296D29210010B49E /* XCRemoteSwiftPackageReference "TPInAppReceipt" */;
			productName = TPInAppReceipt;
		};
/* End XCSwiftPackageProductDependency section */
	};
	rootObject = 6BE997C72963FB3B001B8A83 /* Project object */;
}
