// !$*UTF8*$!
{
	archiveVersion = 1;
	classes = {
	};
	objectVersion = 56;
	objects = {

/* Begin PBXBuildFile section */
		6B222D3E2A126F3C00FE8ADA /* ImagePicker.swift in Sources */ = {isa = PBXBuildFile; fileRef = 6B222D3D2A126F3C00FE8ADA /* ImagePicker.swift */; };
		6B24EC77296FC18C00CD0410 /* SlidingRuler.swift in Sources */ = {isa = PBXBuildFile; fileRef = 6B24EC48296FC18C00CD0410 /* SlidingRuler.swift */; };
		6B24EC78296FC18C00CD0410 /* Pointers.swift in Sources */ = {isa = PBXBuildFile; fileRef = 6B24EC49296FC18C00CD0410 /* Pointers.swift */; };
		6B24EC79296FC18C00CD0410 /* Tick.swift in Sources */ = {isa = PBXBuildFile; fileRef = 6B24EC4B296FC18C00CD0410 /* Tick.swift */; };
		6B24EC7A296FC18C00CD0410 /* StickyMark.swift in Sources */ = {isa = PBXBuildFile; fileRef = 6B24EC4C296FC18C00CD0410 /* StickyMark.swift */; };
		6B24EC7B296FC18C00CD0410 /* SlidingRulerState.swift in Sources */ = {isa = PBXBuildFile; fileRef = 6B24EC4D296FC18C00CD0410 /* SlidingRulerState.swift */; };
		6B24EC7C296FC18C00CD0410 /* PreferenceKeys.swift in Sources */ = {isa = PBXBuildFile; fileRef = 6B24EC4E296FC18C00CD0410 /* PreferenceKeys.swift */; };
		6B24EC7D296FC18C00CD0410 /* ComparableExtension.swift in Sources */ = {isa = PBXBuildFile; fileRef = 6B24EC50296FC18C00CD0410 /* ComparableExtension.swift */; };
		6B24EC7E296FC18C00CD0410 /* EnvironmentValuesExtension.swift in Sources */ = {isa = PBXBuildFile; fileRef = 6B24EC51296FC18C00CD0410 /* EnvironmentValuesExtension.swift */; };
		6B24EC7F296FC18C00CD0410 /* BinaryFloatingPointExtension.swift in Sources */ = {isa = PBXBuildFile; fileRef = 6B24EC52296FC18C00CD0410 /* BinaryFloatingPointExtension.swift */; };
		6B24EC81296FC18C00CD0410 /* ClosedRangeExtension.swift in Sources */ = {isa = PBXBuildFile; fileRef = 6B24EC54296FC18C00CD0410 /* ClosedRangeExtension.swift */; };
		6B24EC82296FC18C00CD0410 /* BinaryIntegerExtension.swift in Sources */ = {isa = PBXBuildFile; fileRef = 6B24EC55296FC18C00CD0410 /* BinaryIntegerExtension.swift */; };
		6B24EC83296FC18C00CD0410 /* FlexibleWidthContainer.swift in Sources */ = {isa = PBXBuildFile; fileRef = 6B24EC56296FC18C00CD0410 /* FlexibleWidthContainer.swift */; };
		6B24EC84296FC18C00CD0410 /* InfiniteOffsetEffect.swift in Sources */ = {isa = PBXBuildFile; fileRef = 6B24EC57296FC18C00CD0410 /* InfiniteOffsetEffect.swift */; };
		6B24EC85296FC18C00CD0410 /* InfiniteMarkOffsetModifier.swift in Sources */ = {isa = PBXBuildFile; fileRef = 6B24EC58296FC18C00CD0410 /* InfiniteMarkOffsetModifier.swift */; };
		6B24EC86296FC18C00CD0410 /* RulerCell.swift in Sources */ = {isa = PBXBuildFile; fileRef = 6B24EC5A296FC18C00CD0410 /* RulerCell.swift */; };
		6B24EC87296FC18C00CD0410 /* Ruler.swift in Sources */ = {isa = PBXBuildFile; fileRef = 6B24EC5B296FC18C00CD0410 /* Ruler.swift */; };
		6B24EC88296FC18C00CD0410 /* HorizontalPanGesture.swift in Sources */ = {isa = PBXBuildFile; fileRef = 6B24EC5C296FC18C00CD0410 /* HorizontalPanGesture.swift */; };
		6B24EC89296FC18C00CD0410 /* VSynchedTimer.swift in Sources */ = {isa = PBXBuildFile; fileRef = 6B24EC5D296FC18C00CD0410 /* VSynchedTimer.swift */; };
		6B24EC8A296FC18C00CD0410 /* Mechanic.swift in Sources */ = {isa = PBXBuildFile; fileRef = 6B24EC5E296FC18C00CD0410 /* Mechanic.swift */; };
		6B24EC8B296FC18C00CD0410 /* CenteredCellBody.swift in Sources */ = {isa = PBXBuildFile; fileRef = 6B24EC61296FC18C00CD0410 /* CenteredCellBody.swift */; };
		6B24EC8C296FC18C00CD0410 /* CenteredStyle.swift in Sources */ = {isa = PBXBuildFile; fileRef = 6B24EC62296FC18C00CD0410 /* CenteredStyle.swift */; };
		6B24EC8D296FC18C00CD0410 /* CenteredScaleView.swift in Sources */ = {isa = PBXBuildFile; fileRef = 6B24EC63296FC18C00CD0410 /* CenteredScaleView.swift */; };
		6B24EC8E296FC18C00CD0410 /* BlankCenteredStyle.swift in Sources */ = {isa = PBXBuildFile; fileRef = 6B24EC64296FC18C00CD0410 /* BlankCenteredStyle.swift */; };
		6B24EC8F296FC18C00CD0410 /* StyleConfiguation.swift in Sources */ = {isa = PBXBuildFile; fileRef = 6B24EC65296FC18C00CD0410 /* StyleConfiguation.swift */; };
		6B24EC90296FC18C00CD0410 /* DefaultScaleView.swift in Sources */ = {isa = PBXBuildFile; fileRef = 6B24EC67296FC18C00CD0410 /* DefaultScaleView.swift */; };
		6B24EC91296FC18C00CD0410 /* DefaultStyle.swift in Sources */ = {isa = PBXBuildFile; fileRef = 6B24EC68296FC18C00CD0410 /* DefaultStyle.swift */; };
		6B24EC92296FC18C00CD0410 /* BlankStyle.swift in Sources */ = {isa = PBXBuildFile; fileRef = 6B24EC69296FC18C00CD0410 /* BlankStyle.swift */; };
		6B24EC93296FC18C00CD0410 /* DefaultCellBody.swift in Sources */ = {isa = PBXBuildFile; fileRef = 6B24EC6A296FC18C00CD0410 /* DefaultCellBody.swift */; };
		6B24EC94296FC18C00CD0410 /* AnyFractionableView.swift in Sources */ = {isa = PBXBuildFile; fileRef = 6B24EC6B296FC18C00CD0410 /* AnyFractionableView.swift */; };
		6B24EC95296FC18C00CD0410 /* AnySlidingRulerStyle.swift in Sources */ = {isa = PBXBuildFile; fileRef = 6B24EC6C296FC18C00CD0410 /* AnySlidingRulerStyle.swift */; };
		6B24EC96296FC18C00CD0410 /* NativeMarkedRulerCellView.swift in Sources */ = {isa = PBXBuildFile; fileRef = 6B24EC6E296FC18C00CD0410 /* NativeMarkedRulerCellView.swift */; };
		6B24EC97296FC18C00CD0410 /* SlidingRulerStyle.swift in Sources */ = {isa = PBXBuildFile; fileRef = 6B24EC6F296FC18C00CD0410 /* SlidingRulerStyle.swift */; };
		6B24EC98296FC18C00CD0410 /* NativeRulerCellView.swift in Sources */ = {isa = PBXBuildFile; fileRef = 6B24EC70296FC18C00CD0410 /* NativeRulerCellView.swift */; };
		6B24EC99296FC18C00CD0410 /* FractionableView.swift in Sources */ = {isa = PBXBuildFile; fileRef = 6B24EC71296FC18C00CD0410 /* FractionableView.swift */; };
		6B24EC9A296FC18C00CD0410 /* ScaleView.swift in Sources */ = {isa = PBXBuildFile; fileRef = 6B24EC72296FC18C00CD0410 /* ScaleView.swift */; };
		6B24EC9B296FC18C00CD0410 /* MarkedRulerCellView.swift in Sources */ = {isa = PBXBuildFile; fileRef = 6B24EC73296FC18C00CD0410 /* MarkedRulerCellView.swift */; };
		6B24EC9C296FC18C00CD0410 /* RulerCellView.swift in Sources */ = {isa = PBXBuildFile; fileRef = 6B24EC74296FC18C00CD0410 /* RulerCellView.swift */; };
		6B24EC9D296FC18C00CD0410 /* NativeCursorBody.swift in Sources */ = {isa = PBXBuildFile; fileRef = 6B24EC75296FC18C00CD0410 /* NativeCursorBody.swift */; };
		6B24EC9E296FC18C00CD0410 /* Utils.swift in Sources */ = {isa = PBXBuildFile; fileRef = 6B24EC76296FC18C00CD0410 /* Utils.swift */; };
		6B370EDF296FC1F300FD5884 /* SmoothOperators in Frameworks */ = {isa = PBXBuildFile; productRef = 6B370EDE296FC1F300FD5884 /* SmoothOperators */; };
		6B370EE2296FC27F00FD5884 /* CoreGeometry in Frameworks */ = {isa = PBXBuildFile; productRef = 6B370EE1296FC27F00FD5884 /* CoreGeometry */; };
		6BA3342529668176003C83F1 /* PaywallView.swift in Sources */ = {isa = PBXBuildFile; fileRef = 6BA3342429668176003C83F1 /* PaywallView.swift */; };
		6BA3342829668213003C83F1 /* 1.mp4 in Resources */ = {isa = PBXBuildFile; fileRef = 6BA3342729668213003C83F1 /* 1.mp4 */; };
		6BA3342C2966861F003C83F1 /* VideoView.swift in Sources */ = {isa = PBXBuildFile; fileRef = 6BA3342B2966861F003C83F1 /* VideoView.swift */; };
		6BA334302966886B003C83F1 /* Colors.xcassets in Resources */ = {isa = PBXBuildFile; fileRef = 6BA3342F2966886B003C83F1 /* Colors.xcassets */; };
		6BA33432296688B8003C83F1 /* ColorExtension.swift in Sources */ = {isa = PBXBuildFile; fileRef = 6BA33431296688B8003C83F1 /* ColorExtension.swift */; };
		6BA3343429668946003C83F1 /* FontExtension.swift in Sources */ = {isa = PBXBuildFile; fileRef = 6BA3343329668946003C83F1 /* FontExtension.swift */; };
		6BA3343729668D80003C83F1 /* PagerView.swift in Sources */ = {isa = PBXBuildFile; fileRef = 6BA3343629668D80003C83F1 /* PagerView.swift */; };
		6BA3343A296697C2003C83F1 /* StateableButton.swift in Sources */ = {isa = PBXBuildFile; fileRef = 6BA33439296697C2003C83F1 /* StateableButton.swift */; };
		6BA3343F2966A937003C83F1 /* CaptureVideoView.swift in Sources */ = {isa = PBXBuildFile; fileRef = 6BA3343E2966A937003C83F1 /* CaptureVideoView.swift */; };
		6BA334412966A973003C83F1 /* FrameView.swift in Sources */ = {isa = PBXBuildFile; fileRef = 6BA334402966A973003C83F1 /* FrameView.swift */; };
		6BA334432966AA08003C83F1 /* CameraManager.swift in Sources */ = {isa = PBXBuildFile; fileRef = 6BA334422966AA08003C83F1 /* CameraManager.swift */; };
		6BA334452966AB0A003C83F1 /* CameraError.swift in Sources */ = {isa = PBXBuildFile; fileRef = 6BA334442966AB0A003C83F1 /* CameraError.swift */; };
		6BA334472966AB60003C83F1 /* FrameManager.swift in Sources */ = {isa = PBXBuildFile; fileRef = 6BA334462966AB60003C83F1 /* FrameManager.swift */; };
		6BA334492966AB78003C83F1 /* CGImageExtension.swift in Sources */ = {isa = PBXBuildFile; fileRef = 6BA334482966AB78003C83F1 /* CGImageExtension.swift */; };
		6BA3344B2966ABB5003C83F1 /* CaptureVideoViewModel.swift in Sources */ = {isa = PBXBuildFile; fileRef = 6BA3344A2966ABB5003C83F1 /* CaptureVideoViewModel.swift */; };
		6BA3344E2966AC61003C83F1 /* ControlView.swift in Sources */ = {isa = PBXBuildFile; fileRef = 6BA3344C2966AC60003C83F1 /* ControlView.swift */; };
		6BA3344F2966AC61003C83F1 /* ErrorView.swift in Sources */ = {isa = PBXBuildFile; fileRef = 6BA3344D2966AC61003C83F1 /* ErrorView.swift */; };
		6BA334512966AC89003C83F1 /* ToggleButton.swift in Sources */ = {isa = PBXBuildFile; fileRef = 6BA334502966AC89003C83F1 /* ToggleButton.swift */; };
		6BA334552966AFF3003C83F1 /* LUTsHelper.swift in Sources */ = {isa = PBXBuildFile; fileRef = 6BA334542966AFF3003C83F1 /* LUTsHelper.swift */; };
		6BA334592966BAD1003C83F1 /* VideoControllersView.swift in Sources */ = {isa = PBXBuildFile; fileRef = 6BA334582966BAD1003C83F1 /* VideoControllersView.swift */; };
		6BA3345B2966C03E003C83F1 /* CameraControllersView.swift in Sources */ = {isa = PBXBuildFile; fileRef = 6BA3345A2966C03E003C83F1 /* CameraControllersView.swift */; };
		6BAC70B5296ABD86003CF1DE /* CMTimeExtension.swift in Sources */ = {isa = PBXBuildFile; fileRef = 6BAC70B4296ABD86003CF1DE /* CMTimeExtension.swift */; };
		6BAC70B8296AED8F003CF1DE /* SettingsView.swift in Sources */ = {isa = PBXBuildFile; fileRef = 6BAC70B7296AED8F003CF1DE /* SettingsView.swift */; };
		6BC4445F296EC08700E0FA14 /* filters.xcassets in Resources */ = {isa = PBXBuildFile; fileRef = 6BC4445E296EC08700E0FA14 /* filters.xcassets */; };
		6BC6BAA9296BD185003BB1D8 /* LocalSettings.swift in Sources */ = {isa = PBXBuildFile; fileRef = 6BC6BAA4296BD184003BB1D8 /* LocalSettings.swift */; };
		6BC6BAAA296BD185003BB1D8 /* KeychainWrapper.swift in Sources */ = {isa = PBXBuildFile; fileRef = 6BC6BAA6296BD185003BB1D8 /* KeychainWrapper.swift */; };
		6BC6BAAB296BD185003BB1D8 /* KeychainWrapperSubscript.swift in Sources */ = {isa = PBXBuildFile; fileRef = 6BC6BAA7296BD185003BB1D8 /* KeychainWrapperSubscript.swift */; };
		6BC6BAAC296BD185003BB1D8 /* KeychainItemAccessibility.swift in Sources */ = {isa = PBXBuildFile; fileRef = 6BC6BAA8296BD185003BB1D8 /* KeychainItemAccessibility.swift */; };
		6BC6BAAF296BD3A9003BB1D8 /* FiltersView.swift in Sources */ = {isa = PBXBuildFile; fileRef = 6BC6BAAE296BD3A9003BB1D8 /* FiltersView.swift */; };
		6BC6BAB1296BD3B6003BB1D8 /* FiltersViewModel.swift in Sources */ = {isa = PBXBuildFile; fileRef = 6BC6BAB0296BD3B6003BB1D8 /* FiltersViewModel.swift */; };
		6BC6BAB3296BDD4D003BB1D8 /* filters_sections.json in Resources */ = {isa = PBXBuildFile; fileRef = 6BC6BAB2296BDD4D003BB1D8 /* filters_sections.json */; };
		6BC6BAB5296BDDBA003BB1D8 /* FiltersSectionModel.swift in Sources */ = {isa = PBXBuildFile; fileRef = 6BC6BAB4296BDDBA003BB1D8 /* FiltersSectionModel.swift */; };
		6BC6BAB7296BDE7A003BB1D8 /* LocalFileService.swift in Sources */ = {isa = PBXBuildFile; fileRef = 6BC6BAB6296BDE7A003BB1D8 /* LocalFileService.swift */; };
		6BC970AF29694D430029D040 /* AVAssetExtension.swift in Sources */ = {isa = PBXBuildFile; fileRef = 6BC970AE29694D430029D040 /* AVAssetExtension.swift */; };
		6BC970B12969501D0029D040 /* VideoPreviewView.swift in Sources */ = {isa = PBXBuildFile; fileRef = 6BC970B02969501D0029D040 /* VideoPreviewView.swift */; };
		6BC970B3296974C80029D040 /* AVPlayerExtension.swift in Sources */ = {isa = PBXBuildFile; fileRef = 6BC970B2296974C80029D040 /* AVPlayerExtension.swift */; };
		6BC970B6296975F30029D040 /* Recorder.swift in Sources */ = {isa = PBXBuildFile; fileRef = 6BC970B4296975F30029D040 /* Recorder.swift */; };
		6BC970B7296975F30029D040 /* RecorderError.swift in Sources */ = {isa = PBXBuildFile; fileRef = 6BC970B5296975F30029D040 /* RecorderError.swift */; };
		6BC970B9296976150029D040 /* FrameRateCalculator.swift in Sources */ = {isa = PBXBuildFile; fileRef = 6BC970B8296976150029D040 /* FrameRateCalculator.swift */; };
		6BC970BC2969764D0029D040 /* CaptureError.swift in Sources */ = {isa = PBXBuildFile; fileRef = 6BC970BA2969764D0029D040 /* CaptureError.swift */; };
		6BC970BD2969764D0029D040 /* Capture.swift in Sources */ = {isa = PBXBuildFile; fileRef = 6BC970BB2969764D0029D040 /* Capture.swift */; };
		6BCDC97229691A2B0063265D /* VideoTrimmer.swift in Sources */ = {isa = PBXBuildFile; fileRef = 6BCDC97029691A2B0063265D /* VideoTrimmer.swift */; };
		6BCDC97329691A2B0063265D /* VideoTrimmerThumb.swift in Sources */ = {isa = PBXBuildFile; fileRef = 6BCDC97129691A2B0063265D /* VideoTrimmerThumb.swift */; };
		6BCDC97529691B780063265D /* VideoTrimmerView.swift in Sources */ = {isa = PBXBuildFile; fileRef = 6BCDC97429691B780063265D /* VideoTrimmerView.swift */; };
		6BCDC97729691D140063265D /* EditVideoViewModel.swift in Sources */ = {isa = PBXBuildFile; fileRef = 6BCDC97629691D140063265D /* EditVideoViewModel.swift */; };
		6BCDC979296929F90063265D /* TextExtension.swift in Sources */ = {isa = PBXBuildFile; fileRef = 6BCDC978296929F90063265D /* TextExtension.swift */; };
		6BCDFE582967EE60007E48A5 /* ExposureControllerView.swift in Sources */ = {isa = PBXBuildFile; fileRef = 6BCDFE572967EE60007E48A5 /* ExposureControllerView.swift */; };
		6BCDFE5B29681421007E48A5 /* TouchLocatingView.swift in Sources */ = {isa = PBXBuildFile; fileRef = 6BCDFE5A29681421007E48A5 /* TouchLocatingView.swift */; };
		6BCDFE5D29681A0A007E48A5 /* FiltersControllerView.swift in Sources */ = {isa = PBXBuildFile; fileRef = 6BCDFE5C29681A0A007E48A5 /* FiltersControllerView.swift */; };
		6BCDFE6029681AB7007E48A5 /* FilterModel.swift in Sources */ = {isa = PBXBuildFile; fileRef = 6BCDFE5F29681AB7007E48A5 /* FilterModel.swift */; };
		6BCDFE6229681FDF007E48A5 /* CarouselView.swift in Sources */ = {isa = PBXBuildFile; fileRef = 6BCDFE6129681FDF007E48A5 /* CarouselView.swift */; };
		6BCDFE64296846F2007E48A5 /* VisualEffectView.swift in Sources */ = {isa = PBXBuildFile; fileRef = 6BCDFE63296846F2007E48A5 /* VisualEffectView.swift */; };
		6BCDFE6629684808007E48A5 /* ViewExtension.swift in Sources */ = {isa = PBXBuildFile; fileRef = 6BCDFE6529684808007E48A5 /* ViewExtension.swift */; };
		6BCDFE6829684998007E48A5 /* UIDeviceExtension.swift in Sources */ = {isa = PBXBuildFile; fileRef = 6BCDFE6729684998007E48A5 /* UIDeviceExtension.swift */; };
		6BCDFE6B296870F0007E48A5 /* EditVideoView.swift in Sources */ = {isa = PBXBuildFile; fileRef = 6BCDFE6A296870F0007E48A5 /* EditVideoView.swift */; };
		6BD0915A296FB97E00D69A19 /* PrecisionLevelSlider.swift in Sources */ = {isa = PBXBuildFile; fileRef = 6BD09159296FB97E00D69A19 /* PrecisionLevelSlider.swift */; };
		6BD0915C296FB98F00D69A19 /* PrecisionLevelSliderView.swift in Sources */ = {isa = PBXBuildFile; fileRef = 6BD0915B296FB98F00D69A19 /* PrecisionLevelSliderView.swift */; };
		6BD10EA6296D26380010B49E /* OnClickGesture.swift in Sources */ = {isa = PBXBuildFile; fileRef = 6BD10EA5296D26380010B49E /* OnClickGesture.swift */; };
		6BD10EA9296D29210010B49E /* TPInAppReceipt in Frameworks */ = {isa = PBXBuildFile; productRef = 6BD10EA8296D29210010B49E /* TPInAppReceipt */; };
		6BD10EAB296D29530010B49E /* IAPManager.swift in Sources */ = {isa = PBXBuildFile; fileRef = 6BD10EAA296D29530010B49E /* IAPManager.swift */; };
		6BD10EB0296D2F2E0010B49E /* PaywallViewModel.swift in Sources */ = {isa = PBXBuildFile; fileRef = 6BD10EAF296D2F2E0010B49E /* PaywallViewModel.swift */; };
		6BD10EB2296D33900010B49E /* AppDelegate.swift in Sources */ = {isa = PBXBuildFile; fileRef = 6BD10EB1296D33900010B49E /* AppDelegate.swift */; };
		6BE997D32963FB3C001B8A83 /* film24App.swift in Sources */ = {isa = PBXBuildFile; fileRef = 6BE997D22963FB3C001B8A83 /* film24App.swift */; };
		6BE997D52963FB3C001B8A83 /* ContentView.swift in Sources */ = {isa = PBXBuildFile; fileRef = 6BE997D42963FB3C001B8A83 /* ContentView.swift */; };
		6BE997D72963FB3D001B8A83 /* Assets.xcassets in Resources */ = {isa = PBXBuildFile; fileRef = 6BE997D62963FB3D001B8A83 /* Assets.xcassets */; };
		6BE997DA2963FB3D001B8A83 /* Preview Assets.xcassets in Resources */ = {isa = PBXBuildFile; fileRef = 6BE997D92963FB3D001B8A83 /* Preview Assets.xcassets */; };
		6BE997E62963FC11001B8A83 /* Barlow-Light.ttf in Resources */ = {isa = PBXBuildFile; fileRef = 6BE997E22963FC0F001B8A83 /* Barlow-Light.ttf */; };
		6BE997E72963FC11001B8A83 /* Barlow-Regular.ttf in Resources */ = {isa = PBXBuildFile; fileRef = 6BE997E32963FC0F001B8A83 /* Barlow-Regular.ttf */; };
		6BE997E82963FC11001B8A83 /* Barlow-Bold.ttf in Resources */ = {isa = PBXBuildFile; fileRef = 6BE997E42963FC10001B8A83 /* Barlow-Bold.ttf */; };
		6BE997E92963FC11001B8A83 /* Barlow-Medium.ttf in Resources */ = {isa = PBXBuildFile; fileRef = 6BE997E52963FC10001B8A83 /* Barlow-Medium.ttf */; };
/* End PBXBuildFile section */

/* Begin PBXFileReference section */
		6B222D3D2A126F3C00FE8ADA /* ImagePicker.swift */ = {isa = PBXFileReference; lastKnownFileType = sourcecode.swift; path = ImagePicker.swift; sourceTree = "<group>"; };
		6B24EC48296FC18C00CD0410 /* SlidingRuler.swift */ = {isa = PBXFileReference; fileEncoding = 4; lastKnownFileType = sourcecode.swift; path = SlidingRuler.swift; sourceTree = "<group>"; };
		6B24EC49296FC18C00CD0410 /* Pointers.swift */ = {isa = PBXFileReference; fileEncoding = 4; lastKnownFileType = sourcecode.swift; path = Pointers.swift; sourceTree = "<group>"; };
		6B24EC4B296FC18C00CD0410 /* Tick.swift */ = {isa = PBXFileReference; fileEncoding = 4; lastKnownFileType = sourcecode.swift; path = Tick.swift; sourceTree = "<group>"; };
		6B24EC4C296FC18C00CD0410 /* StickyMark.swift */ = {isa = PBXFileReference; fileEncoding = 4; lastKnownFileType = sourcecode.swift; path = StickyMark.swift; sourceTree = "<group>"; };
		6B24EC4D296FC18C00CD0410 /* SlidingRulerState.swift */ = {isa = PBXFileReference; fileEncoding = 4; lastKnownFileType = sourcecode.swift; path = SlidingRulerState.swift; sourceTree = "<group>"; };
		6B24EC4E296FC18C00CD0410 /* PreferenceKeys.swift */ = {isa = PBXFileReference; fileEncoding = 4; lastKnownFileType = sourcecode.swift; path = PreferenceKeys.swift; sourceTree = "<group>"; };
		6B24EC50296FC18C00CD0410 /* ComparableExtension.swift */ = {isa = PBXFileReference; fileEncoding = 4; lastKnownFileType = sourcecode.swift; path = ComparableExtension.swift; sourceTree = "<group>"; };
		6B24EC51296FC18C00CD0410 /* EnvironmentValuesExtension.swift */ = {isa = PBXFileReference; fileEncoding = 4; lastKnownFileType = sourcecode.swift; path = EnvironmentValuesExtension.swift; sourceTree = "<group>"; };
		6B24EC52296FC18C00CD0410 /* BinaryFloatingPointExtension.swift */ = {isa = PBXFileReference; fileEncoding = 4; lastKnownFileType = sourcecode.swift; path = BinaryFloatingPointExtension.swift; sourceTree = "<group>"; };
		6B24EC54296FC18C00CD0410 /* ClosedRangeExtension.swift */ = {isa = PBXFileReference; fileEncoding = 4; lastKnownFileType = sourcecode.swift; path = ClosedRangeExtension.swift; sourceTree = "<group>"; };
		6B24EC55296FC18C00CD0410 /* BinaryIntegerExtension.swift */ = {isa = PBXFileReference; fileEncoding = 4; lastKnownFileType = sourcecode.swift; path = BinaryIntegerExtension.swift; sourceTree = "<group>"; };
		6B24EC56296FC18C00CD0410 /* FlexibleWidthContainer.swift */ = {isa = PBXFileReference; fileEncoding = 4; lastKnownFileType = sourcecode.swift; path = FlexibleWidthContainer.swift; sourceTree = "<group>"; };
		6B24EC57296FC18C00CD0410 /* InfiniteOffsetEffect.swift */ = {isa = PBXFileReference; fileEncoding = 4; lastKnownFileType = sourcecode.swift; path = InfiniteOffsetEffect.swift; sourceTree = "<group>"; };
		6B24EC58296FC18C00CD0410 /* InfiniteMarkOffsetModifier.swift */ = {isa = PBXFileReference; fileEncoding = 4; lastKnownFileType = sourcecode.swift; path = InfiniteMarkOffsetModifier.swift; sourceTree = "<group>"; };
		6B24EC5A296FC18C00CD0410 /* RulerCell.swift */ = {isa = PBXFileReference; fileEncoding = 4; lastKnownFileType = sourcecode.swift; path = RulerCell.swift; sourceTree = "<group>"; };
		6B24EC5B296FC18C00CD0410 /* Ruler.swift */ = {isa = PBXFileReference; fileEncoding = 4; lastKnownFileType = sourcecode.swift; path = Ruler.swift; sourceTree = "<group>"; };
		6B24EC5C296FC18C00CD0410 /* HorizontalPanGesture.swift */ = {isa = PBXFileReference; fileEncoding = 4; lastKnownFileType = sourcecode.swift; path = HorizontalPanGesture.swift; sourceTree = "<group>"; };
		6B24EC5D296FC18C00CD0410 /* VSynchedTimer.swift */ = {isa = PBXFileReference; fileEncoding = 4; lastKnownFileType = sourcecode.swift; path = VSynchedTimer.swift; sourceTree = "<group>"; };
		6B24EC5E296FC18C00CD0410 /* Mechanic.swift */ = {isa = PBXFileReference; fileEncoding = 4; lastKnownFileType = sourcecode.swift; path = Mechanic.swift; sourceTree = "<group>"; };
		6B24EC61296FC18C00CD0410 /* CenteredCellBody.swift */ = {isa = PBXFileReference; fileEncoding = 4; lastKnownFileType = sourcecode.swift; path = CenteredCellBody.swift; sourceTree = "<group>"; };
		6B24EC62296FC18C00CD0410 /* CenteredStyle.swift */ = {isa = PBXFileReference; fileEncoding = 4; lastKnownFileType = sourcecode.swift; path = CenteredStyle.swift; sourceTree = "<group>"; };
		6B24EC63296FC18C00CD0410 /* CenteredScaleView.swift */ = {isa = PBXFileReference; fileEncoding = 4; lastKnownFileType = sourcecode.swift; path = CenteredScaleView.swift; sourceTree = "<group>"; };
		6B24EC64296FC18C00CD0410 /* BlankCenteredStyle.swift */ = {isa = PBXFileReference; fileEncoding = 4; lastKnownFileType = sourcecode.swift; path = BlankCenteredStyle.swift; sourceTree = "<group>"; };
		6B24EC65296FC18C00CD0410 /* StyleConfiguation.swift */ = {isa = PBXFileReference; fileEncoding = 4; lastKnownFileType = sourcecode.swift; path = StyleConfiguation.swift; sourceTree = "<group>"; };
		6B24EC67296FC18C00CD0410 /* DefaultScaleView.swift */ = {isa = PBXFileReference; fileEncoding = 4; lastKnownFileType = sourcecode.swift; path = DefaultScaleView.swift; sourceTree = "<group>"; };
		6B24EC68296FC18C00CD0410 /* DefaultStyle.swift */ = {isa = PBXFileReference; fileEncoding = 4; lastKnownFileType = sourcecode.swift; path = DefaultStyle.swift; sourceTree = "<group>"; };
		6B24EC69296FC18C00CD0410 /* BlankStyle.swift */ = {isa = PBXFileReference; fileEncoding = 4; lastKnownFileType = sourcecode.swift; path = BlankStyle.swift; sourceTree = "<group>"; };
		6B24EC6A296FC18C00CD0410 /* DefaultCellBody.swift */ = {isa = PBXFileReference; fileEncoding = 4; lastKnownFileType = sourcecode.swift; path = DefaultCellBody.swift; sourceTree = "<group>"; };
		6B24EC6B296FC18C00CD0410 /* AnyFractionableView.swift */ = {isa = PBXFileReference; fileEncoding = 4; lastKnownFileType = sourcecode.swift; path = AnyFractionableView.swift; sourceTree = "<group>"; };
		6B24EC6C296FC18C00CD0410 /* AnySlidingRulerStyle.swift */ = {isa = PBXFileReference; fileEncoding = 4; lastKnownFileType = sourcecode.swift; path = AnySlidingRulerStyle.swift; sourceTree = "<group>"; };
		6B24EC6E296FC18C00CD0410 /* NativeMarkedRulerCellView.swift */ = {isa = PBXFileReference; fileEncoding = 4; lastKnownFileType = sourcecode.swift; path = NativeMarkedRulerCellView.swift; sourceTree = "<group>"; };
		6B24EC6F296FC18C00CD0410 /* SlidingRulerStyle.swift */ = {isa = PBXFileReference; fileEncoding = 4; lastKnownFileType = sourcecode.swift; path = SlidingRulerStyle.swift; sourceTree = "<group>"; };
		6B24EC70296FC18C00CD0410 /* NativeRulerCellView.swift */ = {isa = PBXFileReference; fileEncoding = 4; lastKnownFileType = sourcecode.swift; path = NativeRulerCellView.swift; sourceTree = "<group>"; };
		6B24EC71296FC18C00CD0410 /* FractionableView.swift */ = {isa = PBXFileReference; fileEncoding = 4; lastKnownFileType = sourcecode.swift; path = FractionableView.swift; sourceTree = "<group>"; };
		6B24EC72296FC18C00CD0410 /* ScaleView.swift */ = {isa = PBXFileReference; fileEncoding = 4; lastKnownFileType = sourcecode.swift; path = ScaleView.swift; sourceTree = "<group>"; };
		6B24EC73296FC18C00CD0410 /* MarkedRulerCellView.swift */ = {isa = PBXFileReference; fileEncoding = 4; lastKnownFileType = sourcecode.swift; path = MarkedRulerCellView.swift; sourceTree = "<group>"; };
		6B24EC74296FC18C00CD0410 /* RulerCellView.swift */ = {isa = PBXFileReference; fileEncoding = 4; lastKnownFileType = sourcecode.swift; path = RulerCellView.swift; sourceTree = "<group>"; };
		6B24EC75296FC18C00CD0410 /* NativeCursorBody.swift */ = {isa = PBXFileReference; fileEncoding = 4; lastKnownFileType = sourcecode.swift; path = NativeCursorBody.swift; sourceTree = "<group>"; };
		6B24EC76296FC18C00CD0410 /* Utils.swift */ = {isa = PBXFileReference; fileEncoding = 4; lastKnownFileType = sourcecode.swift; path = Utils.swift; sourceTree = "<group>"; };
		6BA3342429668176003C83F1 /* PaywallView.swift */ = {isa = PBXFileReference; lastKnownFileType = sourcecode.swift; path = PaywallView.swift; sourceTree = "<group>"; };
		6BA3342729668213003C83F1 /* 1.mp4 */ = {isa = PBXFileReference; lastKnownFileType = file; path = 1.mp4; sourceTree = "<group>"; };
		6BA3342B2966861F003C83F1 /* VideoView.swift */ = {isa = PBXFileReference; lastKnownFileType = sourcecode.swift; path = VideoView.swift; sourceTree = "<group>"; };
		6BA3342F2966886B003C83F1 /* Colors.xcassets */ = {isa = PBXFileReference; lastKnownFileType = folder.assetcatalog; path = Colors.xcassets; sourceTree = "<group>"; };
		6BA33431296688B8003C83F1 /* ColorExtension.swift */ = {isa = PBXFileReference; lastKnownFileType = sourcecode.swift; path = ColorExtension.swift; sourceTree = "<group>"; };
		6BA3343329668946003C83F1 /* FontExtension.swift */ = {isa = PBXFileReference; lastKnownFileType = sourcecode.swift; path = FontExtension.swift; sourceTree = "<group>"; };
		6BA3343629668D80003C83F1 /* PagerView.swift */ = {isa = PBXFileReference; lastKnownFileType = sourcecode.swift; path = PagerView.swift; sourceTree = "<group>"; };
		6BA3343829669049003C83F1 /* Info.plist */ = {isa = PBXFileReference; lastKnownFileType = text.plist; path = Info.plist; sourceTree = "<group>"; };
		6BA33439296697C2003C83F1 /* StateableButton.swift */ = {isa = PBXFileReference; lastKnownFileType = sourcecode.swift; path = StateableButton.swift; sourceTree = "<group>"; };
		6BA3343E2966A937003C83F1 /* CaptureVideoView.swift */ = {isa = PBXFileReference; lastKnownFileType = sourcecode.swift; path = CaptureVideoView.swift; sourceTree = "<group>"; };
		6BA334402966A973003C83F1 /* FrameView.swift */ = {isa = PBXFileReference; lastKnownFileType = sourcecode.swift; path = FrameView.swift; sourceTree = "<group>"; };
		6BA334422966AA08003C83F1 /* CameraManager.swift */ = {isa = PBXFileReference; lastKnownFileType = sourcecode.swift; path = CameraManager.swift; sourceTree = "<group>"; };
		6BA334442966AB0A003C83F1 /* CameraError.swift */ = {isa = PBXFileReference; fileEncoding = 4; lastKnownFileType = sourcecode.swift; path = CameraError.swift; sourceTree = "<group>"; };
		6BA334462966AB60003C83F1 /* FrameManager.swift */ = {isa = PBXFileReference; fileEncoding = 4; lastKnownFileType = sourcecode.swift; path = FrameManager.swift; sourceTree = "<group>"; };
		6BA334482966AB78003C83F1 /* CGImageExtension.swift */ = {isa = PBXFileReference; fileEncoding = 4; lastKnownFileType = sourcecode.swift; path = CGImageExtension.swift; sourceTree = "<group>"; };
		6BA3344A2966ABB5003C83F1 /* CaptureVideoViewModel.swift */ = {isa = PBXFileReference; lastKnownFileType = sourcecode.swift; path = CaptureVideoViewModel.swift; sourceTree = "<group>"; };
		6BA3344C2966AC60003C83F1 /* ControlView.swift */ = {isa = PBXFileReference; fileEncoding = 4; lastKnownFileType = sourcecode.swift; path = ControlView.swift; sourceTree = "<group>"; };
		6BA3344D2966AC61003C83F1 /* ErrorView.swift */ = {isa = PBXFileReference; fileEncoding = 4; lastKnownFileType = sourcecode.swift; path = ErrorView.swift; sourceTree = "<group>"; };
		6BA334502966AC89003C83F1 /* ToggleButton.swift */ = {isa = PBXFileReference; fileEncoding = 4; lastKnownFileType = sourcecode.swift; path = ToggleButton.swift; sourceTree = "<group>"; };
		6BA334542966AFF3003C83F1 /* LUTsHelper.swift */ = {isa = PBXFileReference; lastKnownFileType = sourcecode.swift; path = LUTsHelper.swift; sourceTree = "<group>"; };
		6BA334582966BAD1003C83F1 /* VideoControllersView.swift */ = {isa = PBXFileReference; lastKnownFileType = sourcecode.swift; path = VideoControllersView.swift; sourceTree = "<group>"; };
		6BA3345A2966C03E003C83F1 /* CameraControllersView.swift */ = {isa = PBXFileReference; lastKnownFileType = sourcecode.swift; path = CameraControllersView.swift; sourceTree = "<group>"; };
		6BAC70B4296ABD86003CF1DE /* CMTimeExtension.swift */ = {isa = PBXFileReference; lastKnownFileType = sourcecode.swift; path = CMTimeExtension.swift; sourceTree = "<group>"; };
		6BAC70B7296AED8F003CF1DE /* SettingsView.swift */ = {isa = PBXFileReference; lastKnownFileType = sourcecode.swift; path = SettingsView.swift; sourceTree = "<group>"; };
		6BC4445E296EC08700E0FA14 /* filters.xcassets */ = {isa = PBXFileReference; lastKnownFileType = folder.assetcatalog; path = filters.xcassets; sourceTree = "<group>"; };
		6BC6BAA4296BD184003BB1D8 /* LocalSettings.swift */ = {isa = PBXFileReference; fileEncoding = 4; lastKnownFileType = sourcecode.swift; path = LocalSettings.swift; sourceTree = "<group>"; };
		6BC6BAA6296BD185003BB1D8 /* KeychainWrapper.swift */ = {isa = PBXFileReference; fileEncoding = 4; lastKnownFileType = sourcecode.swift; path = KeychainWrapper.swift; sourceTree = "<group>"; };
		6BC6BAA7296BD185003BB1D8 /* KeychainWrapperSubscript.swift */ = {isa = PBXFileReference; fileEncoding = 4; lastKnownFileType = sourcecode.swift; path = KeychainWrapperSubscript.swift; sourceTree = "<group>"; };
		6BC6BAA8296BD185003BB1D8 /* KeychainItemAccessibility.swift */ = {isa = PBXFileReference; fileEncoding = 4; lastKnownFileType = sourcecode.swift; path = KeychainItemAccessibility.swift; sourceTree = "<group>"; };
		6BC6BAAE296BD3A9003BB1D8 /* FiltersView.swift */ = {isa = PBXFileReference; lastKnownFileType = sourcecode.swift; path = FiltersView.swift; sourceTree = "<group>"; };
		6BC6BAB0296BD3B6003BB1D8 /* FiltersViewModel.swift */ = {isa = PBXFileReference; lastKnownFileType = sourcecode.swift; path = FiltersViewModel.swift; sourceTree = "<group>"; };
		6BC6BAB2296BDD4D003BB1D8 /* filters_sections.json */ = {isa = PBXFileReference; lastKnownFileType = text.json; path = filters_sections.json; sourceTree = "<group>"; };
		6BC6BAB4296BDDBA003BB1D8 /* FiltersSectionModel.swift */ = {isa = PBXFileReference; lastKnownFileType = sourcecode.swift; path = FiltersSectionModel.swift; sourceTree = "<group>"; };
		6BC6BAB6296BDE7A003BB1D8 /* LocalFileService.swift */ = {isa = PBXFileReference; lastKnownFileType = sourcecode.swift; path = LocalFileService.swift; sourceTree = "<group>"; };
		6BC970AE29694D430029D040 /* AVAssetExtension.swift */ = {isa = PBXFileReference; lastKnownFileType = sourcecode.swift; path = AVAssetExtension.swift; sourceTree = "<group>"; };
		6BC970B02969501D0029D040 /* VideoPreviewView.swift */ = {isa = PBXFileReference; lastKnownFileType = sourcecode.swift; path = VideoPreviewView.swift; sourceTree = "<group>"; };
		6BC970B2296974C80029D040 /* AVPlayerExtension.swift */ = {isa = PBXFileReference; lastKnownFileType = sourcecode.swift; path = AVPlayerExtension.swift; sourceTree = "<group>"; };
		6BC970B4296975F30029D040 /* Recorder.swift */ = {isa = PBXFileReference; fileEncoding = 4; lastKnownFileType = sourcecode.swift; path = Recorder.swift; sourceTree = "<group>"; };
		6BC970B5296975F30029D040 /* RecorderError.swift */ = {isa = PBXFileReference; fileEncoding = 4; lastKnownFileType = sourcecode.swift; path = RecorderError.swift; sourceTree = "<group>"; };
		6BC970B8296976150029D040 /* FrameRateCalculator.swift */ = {isa = PBXFileReference; fileEncoding = 4; lastKnownFileType = sourcecode.swift; path = FrameRateCalculator.swift; sourceTree = "<group>"; };
		6BC970BA2969764D0029D040 /* CaptureError.swift */ = {isa = PBXFileReference; fileEncoding = 4; lastKnownFileType = sourcecode.swift; path = CaptureError.swift; sourceTree = "<group>"; };
		6BC970BB2969764D0029D040 /* Capture.swift */ = {isa = PBXFileReference; fileEncoding = 4; lastKnownFileType = sourcecode.swift; path = Capture.swift; sourceTree = "<group>"; };
		6BCDC97029691A2B0063265D /* VideoTrimmer.swift */ = {isa = PBXFileReference; fileEncoding = 4; lastKnownFileType = sourcecode.swift; path = VideoTrimmer.swift; sourceTree = "<group>"; };
		6BCDC97129691A2B0063265D /* VideoTrimmerThumb.swift */ = {isa = PBXFileReference; fileEncoding = 4; lastKnownFileType = sourcecode.swift; path = VideoTrimmerThumb.swift; sourceTree = "<group>"; };
		6BCDC97429691B780063265D /* VideoTrimmerView.swift */ = {isa = PBXFileReference; lastKnownFileType = sourcecode.swift; path = VideoTrimmerView.swift; sourceTree = "<group>"; };
		6BCDC97629691D140063265D /* EditVideoViewModel.swift */ = {isa = PBXFileReference; lastKnownFileType = sourcecode.swift; path = EditVideoViewModel.swift; sourceTree = "<group>"; };
		6BCDC978296929F90063265D /* TextExtension.swift */ = {isa = PBXFileReference; lastKnownFileType = sourcecode.swift; path = TextExtension.swift; sourceTree = "<group>"; };
		6BCDFE572967EE60007E48A5 /* ExposureControllerView.swift */ = {isa = PBXFileReference; lastKnownFileType = sourcecode.swift; path = ExposureControllerView.swift; sourceTree = "<group>"; };
		6BCDFE5A29681421007E48A5 /* TouchLocatingView.swift */ = {isa = PBXFileReference; lastKnownFileType = sourcecode.swift; path = TouchLocatingView.swift; sourceTree = "<group>"; };
		6BCDFE5C29681A0A007E48A5 /* FiltersControllerView.swift */ = {isa = PBXFileReference; lastKnownFileType = sourcecode.swift; path = FiltersControllerView.swift; sourceTree = "<group>"; };
		6BCDFE5F29681AB7007E48A5 /* FilterModel.swift */ = {isa = PBXFileReference; lastKnownFileType = sourcecode.swift; path = FilterModel.swift; sourceTree = "<group>"; };
		6BCDFE6129681FDF007E48A5 /* CarouselView.swift */ = {isa = PBXFileReference; lastKnownFileType = sourcecode.swift; path = CarouselView.swift; sourceTree = "<group>"; };
		6BCDFE63296846F2007E48A5 /* VisualEffectView.swift */ = {isa = PBXFileReference; lastKnownFileType = sourcecode.swift; path = VisualEffectView.swift; sourceTree = "<group>"; };
		6BCDFE6529684808007E48A5 /* ViewExtension.swift */ = {isa = PBXFileReference; lastKnownFileType = sourcecode.swift; path = ViewExtension.swift; sourceTree = "<group>"; };
		6BCDFE6729684998007E48A5 /* UIDeviceExtension.swift */ = {isa = PBXFileReference; lastKnownFileType = sourcecode.swift; path = UIDeviceExtension.swift; sourceTree = "<group>"; };
		6BCDFE6A296870F0007E48A5 /* EditVideoView.swift */ = {isa = PBXFileReference; lastKnownFileType = sourcecode.swift; path = EditVideoView.swift; sourceTree = "<group>"; };
		6BD09159296FB97E00D69A19 /* PrecisionLevelSlider.swift */ = {isa = PBXFileReference; fileEncoding = 4; lastKnownFileType = sourcecode.swift; path = PrecisionLevelSlider.swift; sourceTree = "<group>"; };
		6BD0915B296FB98F00D69A19 /* PrecisionLevelSliderView.swift */ = {isa = PBXFileReference; lastKnownFileType = sourcecode.swift; path = PrecisionLevelSliderView.swift; sourceTree = "<group>"; };
		6BD10EA5296D26380010B49E /* OnClickGesture.swift */ = {isa = PBXFileReference; lastKnownFileType = sourcecode.swift; path = OnClickGesture.swift; sourceTree = "<group>"; };
		6BD10EAA296D29530010B49E /* IAPManager.swift */ = {isa = PBXFileReference; lastKnownFileType = sourcecode.swift; path = IAPManager.swift; sourceTree = "<group>"; };
		6BD10EAF296D2F2E0010B49E /* PaywallViewModel.swift */ = {isa = PBXFileReference; lastKnownFileType = sourcecode.swift; path = PaywallViewModel.swift; sourceTree = "<group>"; };
		6BD10EB1296D33900010B49E /* AppDelegate.swift */ = {isa = PBXFileReference; lastKnownFileType = sourcecode.swift; path = AppDelegate.swift; sourceTree = "<group>"; };
		6BE997CF2963FB3C001B8A83 /* film24.app */ = {isa = PBXFileReference; explicitFileType = wrapper.application; includeInIndex = 0; path = film24.app; sourceTree = BUILT_PRODUCTS_DIR; };
		6BE997D22963FB3C001B8A83 /* film24App.swift */ = {isa = PBXFileReference; lastKnownFileType = sourcecode.swift; path = film24App.swift; sourceTree = "<group>"; };
		6BE997D42963FB3C001B8A83 /* ContentView.swift */ = {isa = PBXFileReference; lastKnownFileType = sourcecode.swift; path = ContentView.swift; sourceTree = "<group>"; };
		6BE997D62963FB3D001B8A83 /* Assets.xcassets */ = {isa = PBXFileReference; lastKnownFileType = folder.assetcatalog; path = Assets.xcassets; sourceTree = "<group>"; };
		6BE997D92963FB3D001B8A83 /* Preview Assets.xcassets */ = {isa = PBXFileReference; lastKnownFileType = folder.assetcatalog; path = "Preview Assets.xcassets"; sourceTree = "<group>"; };
		6BE997E22963FC0F001B8A83 /* Barlow-Light.ttf */ = {isa = PBXFileReference; lastKnownFileType = file; path = "Barlow-Light.ttf"; sourceTree = "<group>"; };
		6BE997E32963FC0F001B8A83 /* Barlow-Regular.ttf */ = {isa = PBXFileReference; lastKnownFileType = file; path = "Barlow-Regular.ttf"; sourceTree = "<group>"; };
		6BE997E42963FC10001B8A83 /* Barlow-Bold.ttf */ = {isa = PBXFileReference; lastKnownFileType = file; path = "Barlow-Bold.ttf"; sourceTree = "<group>"; };
		6BE997E52963FC10001B8A83 /* Barlow-Medium.ttf */ = {isa = PBXFileReference; lastKnownFileType = file; path = "Barlow-Medium.ttf"; sourceTree = "<group>"; };
/* End PBXFileReference section */

/* Begin PBXFrameworksBuildPhase section */
		6BE997CC2963FB3C001B8A83 /* Frameworks */ = {
			isa = PBXFrameworksBuildPhase;
			buildActionMask = 2147483647;
			files = (
				6BD10EA9296D29210010B49E /* TPInAppReceipt in Frameworks */,
				6B370EE2296FC27F00FD5884 /* CoreGeometry in Frameworks */,
				6B370EDF296FC1F300FD5884 /* SmoothOperators in Frameworks */,
			);
			runOnlyForDeploymentPostprocessing = 0;
		};
/* End PBXFrameworksBuildPhase section */

/* Begin PBXGroup section */
		6B24EC47296FC18C00CD0410 /* SlidingRuler */ = {
			isa = PBXGroup;
			children = (
				6B24EC48296FC18C00CD0410 /* SlidingRuler.swift */,
				6B24EC49296FC18C00CD0410 /* Pointers.swift */,
				6B24EC4A296FC18C00CD0410 /* Enums */,
				6B24EC4E296FC18C00CD0410 /* PreferenceKeys.swift */,
				6B24EC4F296FC18C00CD0410 /* Extensions */,
				6B24EC56296FC18C00CD0410 /* FlexibleWidthContainer.swift */,
				6B24EC57296FC18C00CD0410 /* InfiniteOffsetEffect.swift */,
				6B24EC58296FC18C00CD0410 /* InfiniteMarkOffsetModifier.swift */,
				6B24EC59296FC18C00CD0410 /* Ruler */,
				6B24EC5C296FC18C00CD0410 /* HorizontalPanGesture.swift */,
				6B24EC5D296FC18C00CD0410 /* VSynchedTimer.swift */,
				6B24EC5E296FC18C00CD0410 /* Mechanic.swift */,
				6B24EC5F296FC18C00CD0410 /* Styling */,
				6B24EC76296FC18C00CD0410 /* Utils.swift */,
			);
			path = SlidingRuler;
			sourceTree = "<group>";
		};
		6B24EC4A296FC18C00CD0410 /* Enums */ = {
			isa = PBXGroup;
			children = (
				6B24EC4B296FC18C00CD0410 /* Tick.swift */,
				6B24EC4C296FC18C00CD0410 /* StickyMark.swift */,
				6B24EC4D296FC18C00CD0410 /* SlidingRulerState.swift */,
			);
			path = Enums;
			sourceTree = "<group>";
		};
		6B24EC4F296FC18C00CD0410 /* Extensions */ = {
			isa = PBXGroup;
			children = (
				6B24EC50296FC18C00CD0410 /* ComparableExtension.swift */,
				6B24EC51296FC18C00CD0410 /* EnvironmentValuesExtension.swift */,
				6B24EC52296FC18C00CD0410 /* BinaryFloatingPointExtension.swift */,
				6B24EC54296FC18C00CD0410 /* ClosedRangeExtension.swift */,
				6B24EC55296FC18C00CD0410 /* BinaryIntegerExtension.swift */,
			);
			path = Extensions;
			sourceTree = "<group>";
		};
		6B24EC59296FC18C00CD0410 /* Ruler */ = {
			isa = PBXGroup;
			children = (
				6B24EC5A296FC18C00CD0410 /* RulerCell.swift */,
				6B24EC5B296FC18C00CD0410 /* Ruler.swift */,
			);
			path = Ruler;
			sourceTree = "<group>";
		};
		6B24EC5F296FC18C00CD0410 /* Styling */ = {
			isa = PBXGroup;
			children = (
				6B24EC60296FC18C00CD0410 /* CenteredStyle */,
				6B24EC65296FC18C00CD0410 /* StyleConfiguation.swift */,
				6B24EC66296FC18C00CD0410 /* DefaultStyle */,
				6B24EC6B296FC18C00CD0410 /* AnyFractionableView.swift */,
				6B24EC6C296FC18C00CD0410 /* AnySlidingRulerStyle.swift */,
				6B24EC6D296FC18C00CD0410 /* Protocols */,
				6B24EC75296FC18C00CD0410 /* NativeCursorBody.swift */,
			);
			path = Styling;
			sourceTree = "<group>";
		};
		6B24EC60296FC18C00CD0410 /* CenteredStyle */ = {
			isa = PBXGroup;
			children = (
				6B24EC61296FC18C00CD0410 /* CenteredCellBody.swift */,
				6B24EC62296FC18C00CD0410 /* CenteredStyle.swift */,
				6B24EC63296FC18C00CD0410 /* CenteredScaleView.swift */,
				6B24EC64296FC18C00CD0410 /* BlankCenteredStyle.swift */,
			);
			path = CenteredStyle;
			sourceTree = "<group>";
		};
		6B24EC66296FC18C00CD0410 /* DefaultStyle */ = {
			isa = PBXGroup;
			children = (
				6B24EC67296FC18C00CD0410 /* DefaultScaleView.swift */,
				6B24EC68296FC18C00CD0410 /* DefaultStyle.swift */,
				6B24EC69296FC18C00CD0410 /* BlankStyle.swift */,
				6B24EC6A296FC18C00CD0410 /* DefaultCellBody.swift */,
			);
			path = DefaultStyle;
			sourceTree = "<group>";
		};
		6B24EC6D296FC18C00CD0410 /* Protocols */ = {
			isa = PBXGroup;
			children = (
				6B24EC6E296FC18C00CD0410 /* NativeMarkedRulerCellView.swift */,
				6B24EC6F296FC18C00CD0410 /* SlidingRulerStyle.swift */,
				6B24EC70296FC18C00CD0410 /* NativeRulerCellView.swift */,
				6B24EC71296FC18C00CD0410 /* FractionableView.swift */,
				6B24EC72296FC18C00CD0410 /* ScaleView.swift */,
				6B24EC73296FC18C00CD0410 /* MarkedRulerCellView.swift */,
				6B24EC74296FC18C00CD0410 /* RulerCellView.swift */,
			);
			path = Protocols;
			sourceTree = "<group>";
		};
		6BA3342129668135003C83F1 /* Views */ = {
			isa = PBXGroup;
			children = (
				6B24EC47296FC18C00CD0410 /* SlidingRuler */,
				6BD09159296FB97E00D69A19 /* PrecisionLevelSlider.swift */,
				6BC6BAAD296BD39A003BB1D8 /* FiltersView */,
				6BAC70B6296AED7E003CF1DE /* SettingsView */,
				6BCDFE69296870D9007E48A5 /* CutVideo */,
				6BA3343B2966A910003C83F1 /* CaptureVideoView */,
				6BA3342A2966860C003C83F1 /* PaywallView */,
				6BA33439296697C2003C83F1 /* StateableButton.swift */,
				6BCDFE6129681FDF007E48A5 /* CarouselView.swift */,
				6BA3343629668D80003C83F1 /* PagerView.swift */,
			);
			path = Views;
			sourceTree = "<group>";
		};
		6BA33426296681F8003C83F1 /* Videos */ = {
			isa = PBXGroup;
			children = (
				6BA3342729668213003C83F1 /* 1.mp4 */,
			);
			path = Videos;
			sourceTree = "<group>";
		};
		6BA3342A2966860C003C83F1 /* PaywallView */ = {
			isa = PBXGroup;
			children = (
				6BA3342429668176003C83F1 /* PaywallView.swift */,
				6BD10EAF296D2F2E0010B49E /* PaywallViewModel.swift */,
			);
			path = PaywallView;
			sourceTree = "<group>";
		};
		6BA3343B2966A910003C83F1 /* CaptureVideoView */ = {
			isa = PBXGroup;
			children = (
				6BA334572966BA50003C83F1 /* Controllers */,
				6BA334562966B93B003C83F1 /* New Group */,
				6BA3343E2966A937003C83F1 /* CaptureVideoView.swift */,
				6BA3344A2966ABB5003C83F1 /* CaptureVideoViewModel.swift */,
				6BA334402966A973003C83F1 /* FrameView.swift */,
			);
			path = CaptureVideoView;
			sourceTree = "<group>";
		};
		6BA334532966AFDE003C83F1 /* Managers */ = {
			isa = PBXGroup;
			children = (
				6BC970BB2969764D0029D040 /* Capture.swift */,
				6BC970BA2969764D0029D040 /* CaptureError.swift */,
				6BC970B4296975F30029D040 /* Recorder.swift */,
				6BC970B8296976150029D040 /* FrameRateCalculator.swift */,
				6BC970B5296975F30029D040 /* RecorderError.swift */,
				6BA334422966AA08003C83F1 /* CameraManager.swift */,
				6BA334462966AB60003C83F1 /* FrameManager.swift */,
				6BA334542966AFF3003C83F1 /* LUTsHelper.swift */,
				6BC6BAB6296BDE7A003BB1D8 /* LocalFileService.swift */,
				6BD10EAA296D29530010B49E /* IAPManager.swift */,
			);
			path = Managers;
			sourceTree = "<group>";
		};
		6BA334562966B93B003C83F1 /* New Group */ = {
			isa = PBXGroup;
			children = (
				6BA334502966AC89003C83F1 /* ToggleButton.swift */,
				6BA3344D2966AC61003C83F1 /* ErrorView.swift */,
				6BA334442966AB0A003C83F1 /* CameraError.swift */,
				6BA3344C2966AC60003C83F1 /* ControlView.swift */,
			);
			path = "New Group";
			sourceTree = "<group>";
		};
		6BA334572966BA50003C83F1 /* Controllers */ = {
			isa = PBXGroup;
			children = (
				6BA334582966BAD1003C83F1 /* VideoControllersView.swift */,
				6BA3345A2966C03E003C83F1 /* CameraControllersView.swift */,
				6BCDFE572967EE60007E48A5 /* ExposureControllerView.swift */,
				6BCDFE5C29681A0A007E48A5 /* FiltersControllerView.swift */,
			);
			path = Controllers;
			sourceTree = "<group>";
		};
		6BAC70B6296AED7E003CF1DE /* SettingsView */ = {
			isa = PBXGroup;
			children = (
				6BAC70B7296AED8F003CF1DE /* SettingsView.swift */,
			);
			path = SettingsView;
			sourceTree = "<group>";
		};
		6BC6BAA3296BD184003BB1D8 /* Configuration */ = {
			isa = PBXGroup;
			children = (
				6BC6BAA4296BD184003BB1D8 /* LocalSettings.swift */,
			);
			path = Configuration;
			sourceTree = "<group>";
		};
		6BC6BAA5296BD185003BB1D8 /* KeychainWrapper */ = {
			isa = PBXGroup;
			children = (
				6BC6BAA6296BD185003BB1D8 /* KeychainWrapper.swift */,
				6BC6BAA7296BD185003BB1D8 /* KeychainWrapperSubscript.swift */,
				6BC6BAA8296BD185003BB1D8 /* KeychainItemAccessibility.swift */,
			);
			path = KeychainWrapper;
			sourceTree = "<group>";
		};
		6BC6BAAD296BD39A003BB1D8 /* FiltersView */ = {
			isa = PBXGroup;
			children = (
				6BC6BAAE296BD3A9003BB1D8 /* FiltersView.swift */,
				6BC6BAB0296BD3B6003BB1D8 /* FiltersViewModel.swift */,
				6BC6BAB2296BDD4D003BB1D8 /* filters_sections.json */,
				6BC4445E296EC08700E0FA14 /* filters.xcassets */,
			);
			path = FiltersView;
			sourceTree = "<group>";
		};
		6BCDC96E29691A040063265D /* UIViews */ = {
			isa = PBXGroup;
			children = (
				6BCDC96F29691A1D0063265D /* VideoTrimming */,
			);
			path = UIViews;
			sourceTree = "<group>";
		};
		6BCDC96F29691A1D0063265D /* VideoTrimming */ = {
			isa = PBXGroup;
			children = (
				6BCDC97029691A2B0063265D /* VideoTrimmer.swift */,
				6BCDC97129691A2B0063265D /* VideoTrimmerThumb.swift */,
			);
			path = VideoTrimming;
			sourceTree = "<group>";
		};
		6BCDFE5929681407007E48A5 /* UIViewRepresentable */ = {
			isa = PBXGroup;
			children = (
				6BCDFE5A29681421007E48A5 /* TouchLocatingView.swift */,
				6BCDFE63296846F2007E48A5 /* VisualEffectView.swift */,
				6BCDC97429691B780063265D /* VideoTrimmerView.swift */,
				6BA3342B2966861F003C83F1 /* VideoView.swift */,
				6BC970B02969501D0029D040 /* VideoPreviewView.swift */,
				6BD0915B296FB98F00D69A19 /* PrecisionLevelSliderView.swift */,
			);
			path = UIViewRepresentable;
			sourceTree = "<group>";
		};
		6BCDFE5E29681AA6007E48A5 /* Models */ = {
			isa = PBXGroup;
			children = (
				6BCDFE5F29681AB7007E48A5 /* FilterModel.swift */,
				6BC6BAB4296BDDBA003BB1D8 /* FiltersSectionModel.swift */,
			);
			path = Models;
			sourceTree = "<group>";
		};
		6BCDFE69296870D9007E48A5 /* CutVideo */ = {
			isa = PBXGroup;
			children = (
				6BCDFE6A296870F0007E48A5 /* EditVideoView.swift */,
				6BCDC97629691D140063265D /* EditVideoViewModel.swift */,
			);
			path = CutVideo;
			sourceTree = "<group>";
		};
		6BD10EAC296D2E6D0010B49E /* Frameworks */ = {
			isa = PBXGroup;
			children = (
			);
			name = Frameworks;
			sourceTree = "<group>";
		};
		6BE997C62963FB3B001B8A83 = {
			isa = PBXGroup;
			children = (
				6BE997D12963FB3C001B8A83 /* film24 */,
				6BE997D02963FB3C001B8A83 /* Products */,
				6BD10EAC296D2E6D0010B49E /* Frameworks */,
			);
			sourceTree = "<group>";
		};
		6BE997D02963FB3C001B8A83 /* Products */ = {
			isa = PBXGroup;
			children = (
				6BE997CF2963FB3C001B8A83 /* film24.app */,
			);
			name = Products;
			sourceTree = "<group>";
		};
		6BE997D12963FB3C001B8A83 /* film24 */ = {
			isa = PBXGroup;
			children = (
				6BA3343829669049003C83F1 /* Info.plist */,
				6BCDC96E29691A040063265D /* UIViews */,
				6BCDFE5E29681AA6007E48A5 /* Models */,
				6BCDFE5929681407007E48A5 /* UIViewRepresentable */,
				6BA3342129668135003C83F1 /* Views */,
				6BE997D22963FB3C001B8A83 /* film24App.swift */,
				6BE997D42963FB3C001B8A83 /* ContentView.swift */,
				6B222D3D2A126F3C00FE8ADA /* ImagePicker.swift */,
				6BD10EB1296D33900010B49E /* AppDelegate.swift */,
				6BE997D62963FB3D001B8A83 /* Assets.xcassets */,
				6BA3342F2966886B003C83F1 /* Colors.xcassets */,
				6BC6BAA3296BD184003BB1D8 /* Configuration */,
				6BC6BAA5296BD185003BB1D8 /* KeychainWrapper */,
				6BA334532966AFDE003C83F1 /* Managers */,
				6BE997EA2963FC22001B8A83 /* Extensions */,
				6BE997E02963FBF1001B8A83 /* Common */,
				6BE997D82963FB3D001B8A83 /* Preview Content */,
			);
			path = film24;
			sourceTree = "<group>";
		};
		6BE997D82963FB3D001B8A83 /* Preview Content */ = {
			isa = PBXGroup;
			children = (
				6BE997D92963FB3D001B8A83 /* Preview Assets.xcassets */,
			);
			path = "Preview Content";
			sourceTree = "<group>";
		};
		6BE997E02963FBF1001B8A83 /* Common */ = {
			isa = PBXGroup;
			children = (
				6BA33426296681F8003C83F1 /* Videos */,
				6BE997E12963FC02001B8A83 /* Fonts */,
			);
			path = Common;
			sourceTree = "<group>";
		};
		6BE997E12963FC02001B8A83 /* Fonts */ = {
			isa = PBXGroup;
			children = (
				6BE997E42963FC10001B8A83 /* Barlow-Bold.ttf */,
				6BE997E22963FC0F001B8A83 /* Barlow-Light.ttf */,
				6BE997E52963FC10001B8A83 /* Barlow-Medium.ttf */,
				6BE997E32963FC0F001B8A83 /* Barlow-Regular.ttf */,
			);
			path = Fonts;
			sourceTree = "<group>";
		};
		6BE997EA2963FC22001B8A83 /* Extensions */ = {
			isa = PBXGroup;
			children = (
				6BA334482966AB78003C83F1 /* CGImageExtension.swift */,
				6BA3343329668946003C83F1 /* FontExtension.swift */,
				6BA33431296688B8003C83F1 /* ColorExtension.swift */,
				6BCDFE6529684808007E48A5 /* ViewExtension.swift */,
				6BCDFE6729684998007E48A5 /* UIDeviceExtension.swift */,
				6BCDC978296929F90063265D /* TextExtension.swift */,
				6BC970AE29694D430029D040 /* AVAssetExtension.swift */,
				6BC970B2296974C80029D040 /* AVPlayerExtension.swift */,
				6BAC70B4296ABD86003CF1DE /* CMTimeExtension.swift */,
				6BD10EA5296D26380010B49E /* OnClickGesture.swift */,
			);
			path = Extensions;
			sourceTree = "<group>";
		};
/* End PBXGroup section */

/* Begin PBXNativeTarget section */
		6BE997CE2963FB3C001B8A83 /* film24 */ = {
			isa = PBXNativeTarget;
			buildConfigurationList = 6BE997DD2963FB3D001B8A83 /* Build configuration list for PBXNativeTarget "film24" */;
			buildPhases = (
				6BE997CB2963FB3C001B8A83 /* Sources */,
				6BE997CC2963FB3C001B8A83 /* Frameworks */,
				6BE997CD2963FB3C001B8A83 /* Resources */,
			);
			buildRules = (
			);
			dependencies = (
			);
			name = film24;
			packageProductDependencies = (
				6BD10EA8296D29210010B49E /* TPInAppReceipt */,
				6B370EDE296FC1F300FD5884 /* SmoothOperators */,
				6B370EE1296FC27F00FD5884 /* CoreGeometry */,
			);
			productName = film24;
			productReference = 6BE997CF2963FB3C001B8A83 /* film24.app */;
			productType = "com.apple.product-type.application";
		};
/* End PBXNativeTarget section */

/* Begin PBXProject section */
		6BE997C72963FB3B001B8A83 /* Project object */ = {
			isa = PBXProject;
			attributes = {
				BuildIndependentTargetsInParallel = 1;
				LastSwiftUpdateCheck = 1420;
				LastUpgradeCheck = 1420;
				TargetAttributes = {
					6BE997CE2963FB3C001B8A83 = {
						CreatedOnToolsVersion = 14.2;
					};
				};
			};
			buildConfigurationList = 6BE997CA2963FB3B001B8A83 /* Build configuration list for PBXProject "film24" */;
			compatibilityVersion = "Xcode 14.0";
			developmentRegion = en;
			hasScannedForEncodings = 0;
			knownRegions = (
				en,
				Base,
			);
			mainGroup = 6BE997C62963FB3B001B8A83;
			packageReferences = (
				6BD10EA7296D29210010B49E /* XCRemoteSwiftPackageReference "TPInAppReceipt" */,
				6B370EDD296FC1F300FD5884 /* XCRemoteSwiftPackageReference "SmoothOperators" */,
				6B370EE0296FC27F00FD5884 /* XCRemoteSwiftPackageReference "CoreGeometry" */,
			);
			productRefGroup = 6BE997D02963FB3C001B8A83 /* Products */;
			projectDirPath = "";
			projectRoot = "";
			targets = (
				6BE997CE2963FB3C001B8A83 /* film24 */,
			);
		};
/* End PBXProject section */

/* Begin PBXResourcesBuildPhase section */
		6BE997CD2963FB3C001B8A83 /* Resources */ = {
			isa = PBXResourcesBuildPhase;
			buildActionMask = 2147483647;
			files = (
				6BA3342829668213003C83F1 /* 1.mp4 in Resources */,
				6BE997E72963FC11001B8A83 /* Barlow-Regular.ttf in Resources */,
				6BE997E82963FC11001B8A83 /* Barlow-Bold.ttf in Resources */,
				6BE997DA2963FB3D001B8A83 /* Preview Assets.xcassets in Resources */,
				6BE997D72963FB3D001B8A83 /* Assets.xcassets in Resources */,
				6BC6BAB3296BDD4D003BB1D8 /* filters_sections.json in Resources */,
				6BA334302966886B003C83F1 /* Colors.xcassets in Resources */,
				6BE997E92963FC11001B8A83 /* Barlow-Medium.ttf in Resources */,
				6BE997E62963FC11001B8A83 /* Barlow-Light.ttf in Resources */,
				6BC4445F296EC08700E0FA14 /* filters.xcassets in Resources */,
			);
			runOnlyForDeploymentPostprocessing = 0;
		};
/* End PBXResourcesBuildPhase section */

/* Begin PBXSourcesBuildPhase section */
		6BE997CB2963FB3C001B8A83 /* Sources */ = {
			isa = PBXSourcesBuildPhase;
			buildActionMask = 2147483647;
			files = (
				6BA3344E2966AC61003C83F1 /* ControlView.swift in Sources */,
				6B24EC7F296FC18C00CD0410 /* BinaryFloatingPointExtension.swift in Sources */,
				6B24EC98296FC18C00CD0410 /* NativeRulerCellView.swift in Sources */,
				6BC6BAB1296BD3B6003BB1D8 /* FiltersViewModel.swift in Sources */,
				6B24EC8D296FC18C00CD0410 /* CenteredScaleView.swift in Sources */,
				6BCDFE5B29681421007E48A5 /* TouchLocatingView.swift in Sources */,
				6B24EC90296FC18C00CD0410 /* DefaultScaleView.swift in Sources */,
				6BD10EA6296D26380010B49E /* OnClickGesture.swift in Sources */,
				6BA3345B2966C03E003C83F1 /* CameraControllersView.swift in Sources */,
				6BA3342C2966861F003C83F1 /* VideoView.swift in Sources */,
				6BCDC97229691A2B0063265D /* VideoTrimmer.swift in Sources */,
				6B24EC7B296FC18C00CD0410 /* SlidingRulerState.swift in Sources */,
				6BC6BAAC296BD185003BB1D8 /* KeychainItemAccessibility.swift in Sources */,
				6B24EC9B296FC18C00CD0410 /* MarkedRulerCellView.swift in Sources */,
				6BC6BAB5296BDDBA003BB1D8 /* FiltersSectionModel.swift in Sources */,
				6BA334512966AC89003C83F1 /* ToggleButton.swift in Sources */,
				6BA334592966BAD1003C83F1 /* VideoControllersView.swift in Sources */,
				6B24EC7C296FC18C00CD0410 /* PreferenceKeys.swift in Sources */,
				6BC970AF29694D430029D040 /* AVAssetExtension.swift in Sources */,
				6BA334492966AB78003C83F1 /* CGImageExtension.swift in Sources */,
				6BD0915C296FB98F00D69A19 /* PrecisionLevelSliderView.swift in Sources */,
				6BA3343A296697C2003C83F1 /* StateableButton.swift in Sources */,
				6BCDFE64296846F2007E48A5 /* VisualEffectView.swift in Sources */,
				6B24EC79296FC18C00CD0410 /* Tick.swift in Sources */,
				6BD10EB0296D2F2E0010B49E /* PaywallViewModel.swift in Sources */,
				6B24EC97296FC18C00CD0410 /* SlidingRulerStyle.swift in Sources */,
				6BC970B12969501D0029D040 /* VideoPreviewView.swift in Sources */,
				6BCDC97729691D140063265D /* EditVideoViewModel.swift in Sources */,
				6BA3343F2966A937003C83F1 /* CaptureVideoView.swift in Sources */,
				6B24EC9E296FC18C00CD0410 /* Utils.swift in Sources */,
				6B24EC85296FC18C00CD0410 /* InfiniteMarkOffsetModifier.swift in Sources */,
				6B24EC8B296FC18C00CD0410 /* CenteredCellBody.swift in Sources */,
				6BC970B9296976150029D040 /* FrameRateCalculator.swift in Sources */,
				6B24EC94296FC18C00CD0410 /* AnyFractionableView.swift in Sources */,
				6BA3343429668946003C83F1 /* FontExtension.swift in Sources */,
				6BD10EB2296D33900010B49E /* AppDelegate.swift in Sources */,
				6B24EC99296FC18C00CD0410 /* FractionableView.swift in Sources */,
				6BC6BAA9296BD185003BB1D8 /* LocalSettings.swift in Sources */,
				6B24EC86296FC18C00CD0410 /* RulerCell.swift in Sources */,
				6B24EC7D296FC18C00CD0410 /* ComparableExtension.swift in Sources */,
				6B24EC84296FC18C00CD0410 /* InfiniteOffsetEffect.swift in Sources */,
				6BC970B6296975F30029D040 /* Recorder.swift in Sources */,
				6B24EC89296FC18C00CD0410 /* VSynchedTimer.swift in Sources */,
				6BCDFE6029681AB7007E48A5 /* FilterModel.swift in Sources */,
				6BA3344F2966AC61003C83F1 /* ErrorView.swift in Sources */,
				6B24EC95296FC18C00CD0410 /* AnySlidingRulerStyle.swift in Sources */,
				6B24EC82296FC18C00CD0410 /* BinaryIntegerExtension.swift in Sources */,
				6B24EC92296FC18C00CD0410 /* BlankStyle.swift in Sources */,
				6BCDFE6229681FDF007E48A5 /* CarouselView.swift in Sources */,
				6B24EC91296FC18C00CD0410 /* DefaultStyle.swift in Sources */,
				6BC6BAAB296BD185003BB1D8 /* KeychainWrapperSubscript.swift in Sources */,
				6BCDFE6829684998007E48A5 /* UIDeviceExtension.swift in Sources */,
				6BC6BAAF296BD3A9003BB1D8 /* FiltersView.swift in Sources */,
				6BCDC97529691B780063265D /* VideoTrimmerView.swift in Sources */,
				6BC6BAB7296BDE7A003BB1D8 /* LocalFileService.swift in Sources */,
				6B24EC8F296FC18C00CD0410 /* StyleConfiguation.swift in Sources */,
				6B24EC8C296FC18C00CD0410 /* CenteredStyle.swift in Sources */,
				6BA334472966AB60003C83F1 /* FrameManager.swift in Sources */,
				6B24EC93296FC18C00CD0410 /* DefaultCellBody.swift in Sources */,
				6BC970B7296975F30029D040 /* RecorderError.swift in Sources */,
				6BAC70B5296ABD86003CF1DE /* CMTimeExtension.swift in Sources */,
				6BC970BD2969764D0029D040 /* Capture.swift in Sources */,
				6B24EC8E296FC18C00CD0410 /* BlankCenteredStyle.swift in Sources */,
				6B24EC88296FC18C00CD0410 /* HorizontalPanGesture.swift in Sources */,
				6BD0915A296FB97E00D69A19 /* PrecisionLevelSlider.swift in Sources */,
				6B24EC7A296FC18C00CD0410 /* StickyMark.swift in Sources */,
				6BE997D52963FB3C001B8A83 /* ContentView.swift in Sources */,
				6B24EC78296FC18C00CD0410 /* Pointers.swift in Sources */,
				6B24EC9A296FC18C00CD0410 /* ScaleView.swift in Sources */,
				6BA334552966AFF3003C83F1 /* LUTsHelper.swift in Sources */,
				6B24EC9D296FC18C00CD0410 /* NativeCursorBody.swift in Sources */,
				6BA334452966AB0A003C83F1 /* CameraError.swift in Sources */,
				6B24EC81296FC18C00CD0410 /* ClosedRangeExtension.swift in Sources */,
				6BCDC97329691A2B0063265D /* VideoTrimmerThumb.swift in Sources */,
				6BAC70B8296AED8F003CF1DE /* SettingsView.swift in Sources */,
				6BCDFE6629684808007E48A5 /* ViewExtension.swift in Sources */,
				6BA3343729668D80003C83F1 /* PagerView.swift in Sources */,
				6BC970B3296974C80029D040 /* AVPlayerExtension.swift in Sources */,
				6BA33432296688B8003C83F1 /* ColorExtension.swift in Sources */,
				6BCDFE582967EE60007E48A5 /* ExposureControllerView.swift in Sources */,
				6B24EC7E296FC18C00CD0410 /* EnvironmentValuesExtension.swift in Sources */,
				6B24EC8A296FC18C00CD0410 /* Mechanic.swift in Sources */,
				6BC6BAAA296BD185003BB1D8 /* KeychainWrapper.swift in Sources */,
				6BCDC979296929F90063265D /* TextExtension.swift in Sources */,
				6B222D3E2A126F3C00FE8ADA /* ImagePicker.swift in Sources */,
				6B24EC83296FC18C00CD0410 /* FlexibleWidthContainer.swift in Sources */,
				6BD10EAB296D29530010B49E /* IAPManager.swift in Sources */,
				6BA334412966A973003C83F1 /* FrameView.swift in Sources */,
				6BA3342529668176003C83F1 /* PaywallView.swift in Sources */,
				6B24EC87296FC18C00CD0410 /* Ruler.swift in Sources */,
				6BCDFE6B296870F0007E48A5 /* EditVideoView.swift in Sources */,
				6BCDFE5D29681A0A007E48A5 /* FiltersControllerView.swift in Sources */,
				6B24EC9C296FC18C00CD0410 /* RulerCellView.swift in Sources */,
				6BA3344B2966ABB5003C83F1 /* CaptureVideoViewModel.swift in Sources */,
				6BA334432966AA08003C83F1 /* CameraManager.swift in Sources */,
				6B24EC77296FC18C00CD0410 /* SlidingRuler.swift in Sources */,
				6BE997D32963FB3C001B8A83 /* film24App.swift in Sources */,
				6BC970BC2969764D0029D040 /* CaptureError.swift in Sources */,
				6B24EC96296FC18C00CD0410 /* NativeMarkedRulerCellView.swift in Sources */,
			);
			runOnlyForDeploymentPostprocessing = 0;
		};
/* End PBXSourcesBuildPhase section */

/* Begin XCBuildConfiguration section */
		6BE997DB2963FB3D001B8A83 /* Debug */ = {
			isa = XCBuildConfiguration;
			buildSettings = {
				ALWAYS_SEARCH_USER_PATHS = NO;
				CLANG_ANALYZER_NONNULL = YES;
				CLANG_ANALYZER_NUMBER_OBJECT_CONVERSION = YES_AGGRESSIVE;
				CLANG_CXX_LANGUAGE_STANDARD = "gnu++20";
				CLANG_ENABLE_MODULES = YES;
				CLANG_ENABLE_OBJC_ARC = YES;
				CLANG_ENABLE_OBJC_WEAK = YES;
				CLANG_WARN_BLOCK_CAPTURE_AUTORELEASING = YES;
				CLANG_WARN_BOOL_CONVERSION = YES;
				CLANG_WARN_COMMA = YES;
				CLANG_WARN_CONSTANT_CONVERSION = YES;
				CLANG_WARN_DEPRECATED_OBJC_IMPLEMENTATIONS = YES;
				CLANG_WARN_DIRECT_OBJC_ISA_USAGE = YES_ERROR;
				CLANG_WARN_DOCUMENTATION_COMMENTS = YES;
				CLANG_WARN_EMPTY_BODY = YES;
				CLANG_WARN_ENUM_CONVERSION = YES;
				CLANG_WARN_INFINITE_RECURSION = YES;
				CLANG_WARN_INT_CONVERSION = YES;
				CLANG_WARN_NON_LITERAL_NULL_CONVERSION = YES;
				CLANG_WARN_OBJC_IMPLICIT_RETAIN_SELF = YES;
				CLANG_WARN_OBJC_LITERAL_CONVERSION = YES;
				CLANG_WARN_OBJC_ROOT_CLASS = YES_ERROR;
				CLANG_WARN_QUOTED_INCLUDE_IN_FRAMEWORK_HEADER = YES;
				CLANG_WARN_RANGE_LOOP_ANALYSIS = YES;
				CLANG_WARN_STRICT_PROTOTYPES = YES;
				CLANG_WARN_SUSPICIOUS_MOVE = YES;
				CLANG_WARN_UNGUARDED_AVAILABILITY = YES_AGGRESSIVE;
				CLANG_WARN_UNREACHABLE_CODE = YES;
				CLANG_WARN__DUPLICATE_METHOD_MATCH = YES;
				COPY_PHASE_STRIP = NO;
				DEBUG_INFORMATION_FORMAT = dwarf;
				ENABLE_STRICT_OBJC_MSGSEND = YES;
				ENABLE_TESTABILITY = YES;
				GCC_C_LANGUAGE_STANDARD = gnu11;
				GCC_DYNAMIC_NO_PIC = NO;
				GCC_NO_COMMON_BLOCKS = YES;
				GCC_OPTIMIZATION_LEVEL = 0;
				GCC_PREPROCESSOR_DEFINITIONS = (
					"DEBUG=1",
					"$(inherited)",
				);
				GCC_WARN_64_TO_32_BIT_CONVERSION = YES;
				GCC_WARN_ABOUT_RETURN_TYPE = YES_ERROR;
				GCC_WARN_UNDECLARED_SELECTOR = YES;
				GCC_WARN_UNINITIALIZED_AUTOS = YES_AGGRESSIVE;
				GCC_WARN_UNUSED_FUNCTION = YES;
				GCC_WARN_UNUSED_VARIABLE = YES;
				IPHONEOS_DEPLOYMENT_TARGET = 16.2;
				MTL_ENABLE_DEBUG_INFO = INCLUDE_SOURCE;
				MTL_FAST_MATH = YES;
				ONLY_ACTIVE_ARCH = YES;
				SDKROOT = iphoneos;
				SWIFT_ACTIVE_COMPILATION_CONDITIONS = DEBUG;
				SWIFT_OPTIMIZATION_LEVEL = "-Onone";
			};
			name = Debug;
		};
		6BE997DC2963FB3D001B8A83 /* Release */ = {
			isa = XCBuildConfiguration;
			buildSettings = {
				ALWAYS_SEARCH_USER_PATHS = NO;
				CLANG_ANALYZER_NONNULL = YES;
				CLANG_ANALYZER_NUMBER_OBJECT_CONVERSION = YES_AGGRESSIVE;
				CLANG_CXX_LANGUAGE_STANDARD = "gnu++20";
				CLANG_ENABLE_MODULES = YES;
				CLANG_ENABLE_OBJC_ARC = YES;
				CLANG_ENABLE_OBJC_WEAK = YES;
				CLANG_WARN_BLOCK_CAPTURE_AUTORELEASING = YES;
				CLANG_WARN_BOOL_CONVERSION = YES;
				CLANG_WARN_COMMA = YES;
				CLANG_WARN_CONSTANT_CONVERSION = YES;
				CLANG_WARN_DEPRECATED_OBJC_IMPLEMENTATIONS = YES;
				CLANG_WARN_DIRECT_OBJC_ISA_USAGE = YES_ERROR;
				CLANG_WARN_DOCUMENTATION_COMMENTS = YES;
				CLANG_WARN_EMPTY_BODY = YES;
				CLANG_WARN_ENUM_CONVERSION = YES;
				CLANG_WARN_INFINITE_RECURSION = YES;
				CLANG_WARN_INT_CONVERSION = YES;
				CLANG_WARN_NON_LITERAL_NULL_CONVERSION = YES;
				CLANG_WARN_OBJC_IMPLICIT_RETAIN_SELF = YES;
				CLANG_WARN_OBJC_LITERAL_CONVERSION = YES;
				CLANG_WARN_OBJC_ROOT_CLASS = YES_ERROR;
				CLANG_WARN_QUOTED_INCLUDE_IN_FRAMEWORK_HEADER = YES;
				CLANG_WARN_RANGE_LOOP_ANALYSIS = YES;
				CLANG_WARN_STRICT_PROTOTYPES = YES;
				CLANG_WARN_SUSPICIOUS_MOVE = YES;
				CLANG_WARN_UNGUARDED_AVAILABILITY = YES_AGGRESSIVE;
				CLANG_WARN_UNREACHABLE_CODE = YES;
				CLANG_WARN__DUPLICATE_METHOD_MATCH = YES;
				COPY_PHASE_STRIP = NO;
				DEBUG_INFORMATION_FORMAT = "dwarf-with-dsym";
				ENABLE_NS_ASSERTIONS = NO;
				ENABLE_STRICT_OBJC_MSGSEND = YES;
				GCC_C_LANGUAGE_STANDARD = gnu11;
				GCC_NO_COMMON_BLOCKS = YES;
				GCC_WARN_64_TO_32_BIT_CONVERSION = YES;
				GCC_WARN_ABOUT_RETURN_TYPE = YES_ERROR;
				GCC_WARN_UNDECLARED_SELECTOR = YES;
				GCC_WARN_UNINITIALIZED_AUTOS = YES_AGGRESSIVE;
				GCC_WARN_UNUSED_FUNCTION = YES;
				GCC_WARN_UNUSED_VARIABLE = YES;
				IPHONEOS_DEPLOYMENT_TARGET = 16.2;
				MTL_ENABLE_DEBUG_INFO = NO;
				MTL_FAST_MATH = YES;
				SDKROOT = iphoneos;
				SWIFT_COMPILATION_MODE = wholemodule;
				SWIFT_OPTIMIZATION_LEVEL = "-O";
				VALIDATE_PRODUCT = YES;
			};
			name = Release;
		};
		6BE997DE2963FB3D001B8A83 /* Debug */ = {
			isa = XCBuildConfiguration;
			buildSettings = {
				ASSETCATALOG_COMPILER_APPICON_NAME = AppIcon;
				ASSETCATALOG_COMPILER_GLOBAL_ACCENT_COLOR_NAME = AccentColor;
				CODE_SIGN_STYLE = Automatic;
				CURRENT_PROJECT_VERSION = 11;
				DEVELOPMENT_ASSET_PATHS = "\"film24/Preview Content\"";
				DEVELOPMENT_TEAM = T4AP35H5CT;
				ENABLE_PREVIEWS = YES;
				GENERATE_INFOPLIST_FILE = YES;
				INFOPLIST_FILE = film24/Info.plist;
				INFOPLIST_KEY_CFBundleDisplayName = 24Film;
				INFOPLIST_KEY_NSCameraUsageDescription = "Access to camera";
				INFOPLIST_KEY_NSPhotoLibraryAddUsageDescription = "";
				INFOPLIST_KEY_NSPhotoLibraryUsageDescription = "";
				INFOPLIST_KEY_UIApplicationSceneManifest_Generation = YES;
				INFOPLIST_KEY_UIApplicationSupportsIndirectInputEvents = YES;
				INFOPLIST_KEY_UILaunchScreen_Generation = YES;
				INFOPLIST_KEY_UISupportedInterfaceOrientations = UIInterfaceOrientationPortrait;
				IPHONEOS_DEPLOYMENT_TARGET = 14.0;
				LD_RUNPATH_SEARCH_PATHS = (
					"$(inherited)",
					"@executable_path/Frameworks",
				);
				MARKETING_VERSION = 1.0;
				PRODUCT_BUNDLE_IDENTIFIER = com.devbuff.apps.film24;
				PRODUCT_NAME = "$(TARGET_NAME)";
				SUPPORTED_PLATFORMS = "iphoneos iphonesimulator";
				SUPPORTS_MACCATALYST = NO;
				SUPPORTS_MAC_DESIGNED_FOR_IPHONE_IPAD = NO;
				SWIFT_EMIT_LOC_STRINGS = YES;
				SWIFT_VERSION = 5.0;
				TARGETED_DEVICE_FAMILY = 1;
			};
			name = Debug;
		};
		6BE997DF2963FB3D001B8A83 /* Release */ = {
			isa = XCBuildConfiguration;
			buildSettings = {
				ASSETCATALOG_COMPILER_APPICON_NAME = AppIcon;
				ASSETCATALOG_COMPILER_GLOBAL_ACCENT_COLOR_NAME = AccentColor;
				CODE_SIGN_STYLE = Automatic;
				CURRENT_PROJECT_VERSION = 11;
				DEVELOPMENT_ASSET_PATHS = "\"film24/Preview Content\"";
				DEVELOPMENT_TEAM = T4AP35H5CT;
				ENABLE_PREVIEWS = YES;
				GENERATE_INFOPLIST_FILE = YES;
				INFOPLIST_FILE = film24/Info.plist;
				INFOPLIST_KEY_CFBundleDisplayName = 24Film;
				INFOPLIST_KEY_NSCameraUsageDescription = "Access to camera";
				INFOPLIST_KEY_NSPhotoLibraryAddUsageDescription = "";
				INFOPLIST_KEY_NSPhotoLibraryUsageDescription = "";
				INFOPLIST_KEY_UIApplicationSceneManifest_Generation = YES;
				INFOPLIST_KEY_UIApplicationSupportsIndirectInputEvents = YES;
				INFOPLIST_KEY_UILaunchScreen_Generation = YES;
				INFOPLIST_KEY_UISupportedInterfaceOrientations = UIInterfaceOrientationPortrait;
				IPHONEOS_DEPLOYMENT_TARGET = 14.0;
				LD_RUNPATH_SEARCH_PATHS = (
					"$(inherited)",
					"@executable_path/Frameworks",
				);
				MARKETING_VERSION = 1.0;
				PRODUCT_BUNDLE_IDENTIFIER = com.devbuff.apps.film24;
				PRODUCT_NAME = "$(TARGET_NAME)";
				SUPPORTED_PLATFORMS = "iphoneos iphonesimulator";
				SUPPORTS_MACCATALYST = NO;
				SUPPORTS_MAC_DESIGNED_FOR_IPHONE_IPAD = NO;
				SWIFT_EMIT_LOC_STRINGS = YES;
				SWIFT_VERSION = 5.0;
				TARGETED_DEVICE_FAMILY = 1;
			};
			name = Release;
		};
/* End XCBuildConfiguration section */

/* Begin XCConfigurationList section */
		6BE997CA2963FB3B001B8A83 /* Build configuration list for PBXProject "film24" */ = {
			isa = XCConfigurationList;
			buildConfigurations = (
				6BE997DB2963FB3D001B8A83 /* Debug */,
				6BE997DC2963FB3D001B8A83 /* Release */,
			);
			defaultConfigurationIsVisible = 0;
			defaultConfigurationName = Release;
		};
		6BE997DD2963FB3D001B8A83 /* Build configuration list for PBXNativeTarget "film24" */ = {
			isa = XCConfigurationList;
			buildConfigurations = (
				6BE997DE2963FB3D001B8A83 /* Debug */,
				6BE997DF2963FB3D001B8A83 /* Release */,
			);
			defaultConfigurationIsVisible = 0;
			defaultConfigurationName = Release;
		};
/* End XCConfigurationList section */

/* Begin XCRemoteSwiftPackageReference section */
		6B370EDD296FC1F300FD5884 /* XCRemoteSwiftPackageReference "SmoothOperators" */ = {
			isa = XCRemoteSwiftPackageReference;
			repositoryURL = "https://github.com/Pyroh/SmoothOperators.git";
			requirement = {
				kind = upToNextMajorVersion;
				minimumVersion = 0.9.0;
			};
		};
		6B370EE0296FC27F00FD5884 /* XCRemoteSwiftPackageReference "CoreGeometry" */ = {
			isa = XCRemoteSwiftPackageReference;
			repositoryURL = "https://gitlab.com/Pyroh/CoreGeometry.git";
			requirement = {
				kind = upToNextMajorVersion;
				minimumVersion = 4.0.0;
			};
		};
		6BD10EA7296D29210010B49E /* XCRemoteSwiftPackageReference "TPInAppReceipt" */ = {
			isa = XCRemoteSwiftPackageReference;
			repositoryURL = "https://github.com/tikhop/TPInAppReceipt.git";
			requirement = {
				branch = master;
				kind = branch;
			};
		};
/* End XCRemoteSwiftPackageReference section */

/* Begin XCSwiftPackageProductDependency section */
		6B370EDE296FC1F300FD5884 /* SmoothOperators */ = {
			isa = XCSwiftPackageProductDependency;
			package = 6B370EDD296FC1F300FD5884 /* XCRemoteSwiftPackageReference "SmoothOperators" */;
			productName = SmoothOperators;
		};
		6B370EE1296FC27F00FD5884 /* CoreGeometry */ = {
			isa = XCSwiftPackageProductDependency;
			package = 6B370EE0296FC27F00FD5884 /* XCRemoteSwiftPackageReference "CoreGeometry" */;
			productName = CoreGeometry;
		};
		6BD10EA8296D29210010B49E /* TPInAppReceipt */ = {
			isa = XCSwiftPackageProductDependency;
			package = 6BD10EA7296D29210010B49E /* XCRemoteSwiftPackageReference "TPInAppReceipt" */;
			productName = TPInAppReceipt;
		};
/* End XCSwiftPackageProductDependency section */
	};
	rootObject = 6BE997C72963FB3B001B8A83 /* Project object */;
}
